// !$*UTF8*$!
{
	archiveVersion = 1;
	classes = {
	};
	objectVersion = 50;
	objects = {

/* Begin PBXBuildFile section */
		875686792F171214B77A6949 /* libPods-autofiller.a in Frameworks */ = {isa = PBXBuildFile; fileRef = CF444763D8911A5DBF77073C /* libPods-autofiller.a */; };
		BB88707C3F161C170D85F385 /* Autofiller.swift in Sources */ = {isa = PBXBuildFile; fileRef = BB8870A2AEFB15CAE9D8F637 /* Autofiller.swift */; };
		BB88708780FF1614F0B6D653 /* UIView+Extensions.swift in Sources */ = {isa = PBXBuildFile; fileRef = BB887EA4C837DCBF4D092F61 /* UIView+Extensions.swift */; };
		BB887101980361559007374F /* ExampleTableViewCell.xib in Resources */ = {isa = PBXBuildFile; fileRef = BB887BCAF7F4B45BB2C115D9 /* ExampleTableViewCell.xib */; };
		BB8876684243F4F75078755D /* ExampleListViewController.xib in Resources */ = {isa = PBXBuildFile; fileRef = BB8877DF25541B9E9C82FAFC /* ExampleListViewController.xib */; };
		BB8876997D2FED821F36561F /* NestedFieldsViewController.swift in Sources */ = {isa = PBXBuildFile; fileRef = BB88746AE3CE1B45671C0303 /* NestedFieldsViewController.swift */; };
		BB8876BF5DC6D7B74C8DA005 /* AutofillableViewController.swift in Sources */ = {isa = PBXBuildFile; fileRef = BB8877D3FD09819CA53A1610 /* AutofillableViewController.swift */; };
		BB8879B3BA79AB85802AE741 /* ExampleListViewController.swift in Sources */ = {isa = PBXBuildFile; fileRef = BB8878AD6FD6289E05B5B766 /* ExampleListViewController.swift */; };
		BB887AACF2E8FCA75557DEF5 /* NestedFieldsViewController.xib in Resources */ = {isa = PBXBuildFile; fileRef = BB887688510569AF58967C1F /* NestedFieldsViewController.xib */; };
		BB887B50EA39F62C300A4E59 /* ImplicitFieldsViewController.xib in Resources */ = {isa = PBXBuildFile; fileRef = BB8873299648F3E7894F638B /* ImplicitFieldsViewController.xib */; };
		BB887C02544C732492F5EE07 /* ExampleTableViewCell.swift in Sources */ = {isa = PBXBuildFile; fileRef = BB887FBA3A96224D3002747C /* ExampleTableViewCell.swift */; };
		BB887C1080E096970F335A2E /* SuccessViewController.xib in Resources */ = {isa = PBXBuildFile; fileRef = BB88786F523A9516A81B6E10 /* SuccessViewController.xib */; };
		BB887C44E416D52B302DE27E /* BaseViewController.swift in Sources */ = {isa = PBXBuildFile; fileRef = BB887004D7BCACEA8CEFD20B /* BaseViewController.swift */; };
		BB887D7F87718993DEC342AC /* Podfile in Resources */ = {isa = PBXBuildFile; fileRef = BB887CE791322F583084937A /* Podfile */; };
		BB887E78C2A8A401A07742E1 /* ImplicitFieldsViewController.swift in Sources */ = {isa = PBXBuildFile; fileRef = BB887A8D797702394D663E86 /* ImplicitFieldsViewController.swift */; };
		BB887F993114083809241D68 /* Array+Extensions.swift in Sources */ = {isa = PBXBuildFile; fileRef = BB887D7CFFDE98531E8158EC /* Array+Extensions.swift */; };
		BB887FA61D9205E59C459204 /* SuccessViewController.swift in Sources */ = {isa = PBXBuildFile; fileRef = BB88782A5F01B98038A17615 /* SuccessViewController.swift */; };
		D0D53C58238C390A008A7137 /* AppDelegate.swift in Sources */ = {isa = PBXBuildFile; fileRef = D0D53C57238C390A008A7137 /* AppDelegate.swift */; };
		D0D53C5F238C390C008A7137 /* Images.xcassets in Resources */ = {isa = PBXBuildFile; fileRef = D0D53C5E238C390C008A7137 /* Images.xcassets */; };
		D0D53C62238C390C008A7137 /* LaunchScreen.storyboard in Resources */ = {isa = PBXBuildFile; fileRef = D0D53C60238C390C008A7137 /* LaunchScreen.storyboard */; };
/* End PBXBuildFile section */

/* Begin PBXFileReference section */
		4DD35822A41AFEFD8EB13DA4 /* Pods-autofiller.debug.xcconfig */ = {isa = PBXFileReference; includeInIndex = 1; lastKnownFileType = text.xcconfig; name = "Pods-autofiller.debug.xcconfig"; path = "Target Support Files/Pods-autofiller/Pods-autofiller.debug.xcconfig"; sourceTree = "<group>"; };
		984D9E6AD71DA4BE12A22DB6 /* Pods-autofiller.release.xcconfig */ = {isa = PBXFileReference; includeInIndex = 1; lastKnownFileType = text.xcconfig; name = "Pods-autofiller.release.xcconfig"; path = "Target Support Files/Pods-autofiller/Pods-autofiller.release.xcconfig"; sourceTree = "<group>"; };
		BB887004D7BCACEA8CEFD20B /* BaseViewController.swift */ = {isa = PBXFileReference; fileEncoding = 4; lastKnownFileType = sourcecode.swift; path = BaseViewController.swift; sourceTree = "<group>"; };
		BB8870A2AEFB15CAE9D8F637 /* Autofiller.swift */ = {isa = PBXFileReference; fileEncoding = 4; lastKnownFileType = sourcecode.swift; path = Autofiller.swift; sourceTree = "<group>"; };
		BB8873299648F3E7894F638B /* ImplicitFieldsViewController.xib */ = {isa = PBXFileReference; lastKnownFileType = file.xib; path = ImplicitFieldsViewController.xib; sourceTree = "<group>"; };
		BB88746AE3CE1B45671C0303 /* NestedFieldsViewController.swift */ = {isa = PBXFileReference; fileEncoding = 4; lastKnownFileType = sourcecode.swift; path = NestedFieldsViewController.swift; sourceTree = "<group>"; };
		BB887688510569AF58967C1F /* NestedFieldsViewController.xib */ = {isa = PBXFileReference; lastKnownFileType = file.xib; path = NestedFieldsViewController.xib; sourceTree = "<group>"; };
		BB8877D3FD09819CA53A1610 /* AutofillableViewController.swift */ = {isa = PBXFileReference; fileEncoding = 4; lastKnownFileType = sourcecode.swift; path = AutofillableViewController.swift; sourceTree = "<group>"; };
		BB8877DF25541B9E9C82FAFC /* ExampleListViewController.xib */ = {isa = PBXFileReference; lastKnownFileType = file.xib; path = ExampleListViewController.xib; sourceTree = "<group>"; };
		BB88782A5F01B98038A17615 /* SuccessViewController.swift */ = {isa = PBXFileReference; fileEncoding = 4; lastKnownFileType = sourcecode.swift; path = SuccessViewController.swift; sourceTree = "<group>"; };
		BB88786F523A9516A81B6E10 /* SuccessViewController.xib */ = {isa = PBXFileReference; lastKnownFileType = file.xib; path = SuccessViewController.xib; sourceTree = "<group>"; };
		BB8878AD6FD6289E05B5B766 /* ExampleListViewController.swift */ = {isa = PBXFileReference; fileEncoding = 4; lastKnownFileType = sourcecode.swift; path = ExampleListViewController.swift; sourceTree = "<group>"; };
		BB887A8D797702394D663E86 /* ImplicitFieldsViewController.swift */ = {isa = PBXFileReference; fileEncoding = 4; lastKnownFileType = sourcecode.swift; path = ImplicitFieldsViewController.swift; sourceTree = "<group>"; };
		BB887BCAF7F4B45BB2C115D9 /* ExampleTableViewCell.xib */ = {isa = PBXFileReference; lastKnownFileType = file.xib; path = ExampleTableViewCell.xib; sourceTree = "<group>"; };
		BB887CE791322F583084937A /* Podfile */ = {isa = PBXFileReference; fileEncoding = 4; lastKnownFileType = text; path = Podfile; sourceTree = "<group>"; };
		BB887D7CFFDE98531E8158EC /* Array+Extensions.swift */ = {isa = PBXFileReference; fileEncoding = 4; lastKnownFileType = sourcecode.swift; path = "Array+Extensions.swift"; sourceTree = "<group>"; };
		BB887EA4C837DCBF4D092F61 /* UIView+Extensions.swift */ = {isa = PBXFileReference; fileEncoding = 4; lastKnownFileType = sourcecode.swift; path = "UIView+Extensions.swift"; sourceTree = "<group>"; };
		BB887FBA3A96224D3002747C /* ExampleTableViewCell.swift */ = {isa = PBXFileReference; fileEncoding = 4; lastKnownFileType = sourcecode.swift; path = ExampleTableViewCell.swift; sourceTree = "<group>"; };
		CF444763D8911A5DBF77073C /* libPods-autofiller.a */ = {isa = PBXFileReference; explicitFileType = archive.ar; includeInIndex = 0; path = "libPods-autofiller.a"; sourceTree = BUILT_PRODUCTS_DIR; };
		D0D53C54238C390A008A7137 /* autofiller.app */ = {isa = PBXFileReference; explicitFileType = wrapper.application; includeInIndex = 0; path = autofiller.app; sourceTree = BUILT_PRODUCTS_DIR; };
		D0D53C57238C390A008A7137 /* AppDelegate.swift */ = {isa = PBXFileReference; lastKnownFileType = sourcecode.swift; path = AppDelegate.swift; sourceTree = "<group>"; };
		D0D53C5E238C390C008A7137 /* Images.xcassets */ = {isa = PBXFileReference; lastKnownFileType = folder.assetcatalog; path = Images.xcassets; sourceTree = "<group>"; };
		D0D53C61238C390C008A7137 /* Base */ = {isa = PBXFileReference; lastKnownFileType = file.storyboard; name = Base; path = Base.lproj/LaunchScreen.storyboard; sourceTree = "<group>"; };
		D0D53C63238C390C008A7137 /* Info.plist */ = {isa = PBXFileReference; lastKnownFileType = text.plist.xml; path = Info.plist; sourceTree = "<group>"; };
		D0D53C6D238C43C4008A7137 /* autofiller.entitlements */ = {isa = PBXFileReference; lastKnownFileType = text.plist.entitlements; path = autofiller.entitlements; sourceTree = "<group>"; };
/* End PBXFileReference section */

/* Begin PBXFrameworksBuildPhase section */
		D0D53C51238C390A008A7137 /* Frameworks */ = {
			isa = PBXFrameworksBuildPhase;
			buildActionMask = 2147483647;
			files = (
				875686792F171214B77A6949 /* libPods-autofiller.a in Frameworks */,
			);
			runOnlyForDeploymentPostprocessing = 0;
		};
/* End PBXFrameworksBuildPhase section */

/* Begin PBXGroup section */
		9C3EAFF8D8351DF2664EF710 /* Pods */ = {
			isa = PBXGroup;
			children = (
				4DD35822A41AFEFD8EB13DA4 /* Pods-autofiller.debug.xcconfig */,
				984D9E6AD71DA4BE12A22DB6 /* Pods-autofiller.release.xcconfig */,
			);
			path = Pods;
			sourceTree = "<group>";
		};
		BB887337830E92152185F34C /* SuccessViewController */ = {
			isa = PBXGroup;
			children = (
				BB88782A5F01B98038A17615 /* SuccessViewController.swift */,
				BB88786F523A9516A81B6E10 /* SuccessViewController.xib */,
			);
			path = SuccessViewController;
			sourceTree = "<group>";
		};
		BB88739C7A2C5AF4461D847C /* ExampleTableViewCell */ = {
			isa = PBXGroup;
			children = (
				BB887FBA3A96224D3002747C /* ExampleTableViewCell.swift */,
				BB887BCAF7F4B45BB2C115D9 /* ExampleTableViewCell.xib */,
			);
			path = ExampleTableViewCell;
			sourceTree = "<group>";
		};
		BB8873D58734BFF9CB8EE3C5 /* ExampleListViewController */ = {
			isa = PBXGroup;
			children = (
				BB8878AD6FD6289E05B5B766 /* ExampleListViewController.swift */,
				BB8877DF25541B9E9C82FAFC /* ExampleListViewController.xib */,
				BB88739C7A2C5AF4461D847C /* ExampleTableViewCell */,
			);
			path = ExampleListViewController;
			sourceTree = "<group>";
		};
		BB887B699E8AF3CEEC05FDB0 /* Helpers */ = {
			isa = PBXGroup;
			children = (
				BB887EA4C837DCBF4D092F61 /* UIView+Extensions.swift */,
				BB887D7CFFDE98531E8158EC /* Array+Extensions.swift */,
			);
			path = Helpers;
			sourceTree = "<group>";
		};
		BB887D8FF6E3C75B4726CA1C /* NestedFieldsViewController */ = {
			isa = PBXGroup;
			children = (
				BB88746AE3CE1B45671C0303 /* NestedFieldsViewController.swift */,
				BB887688510569AF58967C1F /* NestedFieldsViewController.xib */,
			);
			path = NestedFieldsViewController;
			sourceTree = "<group>";
		};
		BB887EE1CD980B64722722D5 /* ImplicitFieldsViewController */ = {
			isa = PBXGroup;
			children = (
				BB887A8D797702394D663E86 /* ImplicitFieldsViewController.swift */,
				BB8873299648F3E7894F638B /* ImplicitFieldsViewController.xib */,
			);
			path = ImplicitFieldsViewController;
			sourceTree = "<group>";
		};
		BB887FDCADCF3D913948C4F0 /* Examples */ = {
			isa = PBXGroup;
			children = (
				BB8877D3FD09819CA53A1610 /* AutofillableViewController.swift */,
				BB887EE1CD980B64722722D5 /* ImplicitFieldsViewController */,
				BB887D8FF6E3C75B4726CA1C /* NestedFieldsViewController */,
			);
			path = Examples;
			sourceTree = "<group>";
		};
		D0D53C4B238C390A008A7137 = {
			isa = PBXGroup;
			children = (
				D0D53C56238C390A008A7137 /* autofiller */,
				D0D53C55238C390A008A7137 /* Products */,
				BB887CE791322F583084937A /* Podfile */,
				9C3EAFF8D8351DF2664EF710 /* Pods */,
				EE2302D63B786887A6511724 /* Frameworks */,
			);
			sourceTree = "<group>";
		};
		D0D53C55238C390A008A7137 /* Products */ = {
			isa = PBXGroup;
			children = (
				D0D53C54238C390A008A7137 /* autofiller.app */,
			);
			name = Products;
			sourceTree = "<group>";
		};
		D0D53C56238C390A008A7137 /* autofiller */ = {
			isa = PBXGroup;
			children = (
				D0D53C57238C390A008A7137 /* AppDelegate.swift */,
				D0D53C6D238C43C4008A7137 /* autofiller.entitlements */,
				BB8870A2AEFB15CAE9D8F637 /* Autofiller.swift */,
				BB887004D7BCACEA8CEFD20B /* BaseViewController.swift */,
				BB8873D58734BFF9CB8EE3C5 /* ExampleListViewController */,
				BB887FDCADCF3D913948C4F0 /* Examples */,
				BB887B699E8AF3CEEC05FDB0 /* Helpers */,
				D0D53C5E238C390C008A7137 /* Images.xcassets */,
				D0D53C63238C390C008A7137 /* Info.plist */,
				D0D53C60238C390C008A7137 /* LaunchScreen.storyboard */,
				BB887337830E92152185F34C /* SuccessViewController */,
			);
			path = autofiller;
			sourceTree = "<group>";
		};
		EE2302D63B786887A6511724 /* Frameworks */ = {
			isa = PBXGroup;
			children = (
				CF444763D8911A5DBF77073C /* libPods-autofiller.a */,
			);
			name = Frameworks;
			sourceTree = "<group>";
		};
/* End PBXGroup section */

/* Begin PBXNativeTarget section */
		D0D53C53238C390A008A7137 /* autofiller */ = {
			isa = PBXNativeTarget;
			buildConfigurationList = D0D53C66238C390C008A7137 /* Build configuration list for PBXNativeTarget "autofiller" */;
			buildPhases = (
				A6216D69C82B103EB6780AAF /* [CP] Check Pods Manifest.lock */,
				D0D53C50238C390A008A7137 /* Sources */,
				D0D53C51238C390A008A7137 /* Frameworks */,
				D0D53C52238C390A008A7137 /* Resources */,
			);
			buildRules = (
			);
			dependencies = (
			);
			name = autofiller;
			productName = autofiller;
			productReference = D0D53C54238C390A008A7137 /* autofiller.app */;
			productType = "com.apple.product-type.application";
		};
/* End PBXNativeTarget section */

/* Begin PBXProject section */
		D0D53C4C238C390A008A7137 /* Project object */ = {
			isa = PBXProject;
			attributes = {
				LastSwiftUpdateCheck = 1030;
				LastUpgradeCheck = 1030;
				ORGANIZATIONNAME = djachenko;
				TargetAttributes = {
					D0D53C53238C390A008A7137 = {
						CreatedOnToolsVersion = 10.3;
						SystemCapabilities = {
							com.apple.SafariKeychain = {
								enabled = 1;
							};
						};
					};
				};
			};
			buildConfigurationList = D0D53C4F238C390A008A7137 /* Build configuration list for PBXProject "autofiller" */;
			compatibilityVersion = "Xcode 9.3";
			developmentRegion = en;
			hasScannedForEncodings = 0;
			knownRegions = (
				en,
				Base,
			);
			mainGroup = D0D53C4B238C390A008A7137;
			productRefGroup = D0D53C55238C390A008A7137 /* Products */;
			projectDirPath = "";
			projectRoot = "";
			targets = (
				D0D53C53238C390A008A7137 /* autofiller */,
			);
		};
/* End PBXProject section */

/* Begin PBXResourcesBuildPhase section */
		D0D53C52238C390A008A7137 /* Resources */ = {
			isa = PBXResourcesBuildPhase;
			buildActionMask = 2147483647;
			files = (
				D0D53C62238C390C008A7137 /* LaunchScreen.storyboard in Resources */,
				D0D53C5F238C390C008A7137 /* Images.xcassets in Resources */,
				BB887C1080E096970F335A2E /* SuccessViewController.xib in Resources */,
				BB887D7F87718993DEC342AC /* Podfile in Resources */,
				BB8876684243F4F75078755D /* ExampleListViewController.xib in Resources */,
				BB887101980361559007374F /* ExampleTableViewCell.xib in Resources */,
				BB887B50EA39F62C300A4E59 /* ImplicitFieldsViewController.xib in Resources */,
				BB887AACF2E8FCA75557DEF5 /* NestedFieldsViewController.xib in Resources */,
			);
			runOnlyForDeploymentPostprocessing = 0;
		};
/* End PBXResourcesBuildPhase section */

/* Begin PBXShellScriptBuildPhase section */
		A6216D69C82B103EB6780AAF /* [CP] Check Pods Manifest.lock */ = {
			isa = PBXShellScriptBuildPhase;
			buildActionMask = 2147483647;
			files = (
			);
			inputFileListPaths = (
			);
			inputPaths = (
				"${PODS_PODFILE_DIR_PATH}/Podfile.lock",
				"${PODS_ROOT}/Manifest.lock",
			);
			name = "[CP] Check Pods Manifest.lock";
			outputFileListPaths = (
			);
			outputPaths = (
				"$(DERIVED_FILE_DIR)/Pods-autofiller-checkManifestLockResult.txt",
			);
			runOnlyForDeploymentPostprocessing = 0;
			shellPath = /bin/sh;
			shellScript = "diff \"${PODS_PODFILE_DIR_PATH}/Podfile.lock\" \"${PODS_ROOT}/Manifest.lock\" > /dev/null\nif [ $? != 0 ] ; then\n    # print error to STDERR\n    echo \"error: The sandbox is not in sync with the Podfile.lock. Run 'pod install' or update your CocoaPods installation.\" >&2\n    exit 1\nfi\n# This output is used by Xcode 'outputs' to avoid re-running this script phase.\necho \"SUCCESS\" > \"${SCRIPT_OUTPUT_FILE_0}\"\n";
			showEnvVarsInLog = 0;
		};
/* End PBXShellScriptBuildPhase section */

/* Begin PBXSourcesBuildPhase section */
		D0D53C50238C390A008A7137 /* Sources */ = {
			isa = PBXSourcesBuildPhase;
			buildActionMask = 2147483647;
			files = (
				D0D53C58238C390A008A7137 /* AppDelegate.swift in Sources */,
				BB887FA61D9205E59C459204 /* SuccessViewController.swift in Sources */,
				BB88707C3F161C170D85F385 /* Autofiller.swift in Sources */,
				BB887C44E416D52B302DE27E /* BaseViewController.swift in Sources */,
				BB8879B3BA79AB85802AE741 /* ExampleListViewController.swift in Sources */,
				BB887C02544C732492F5EE07 /* ExampleTableViewCell.swift in Sources */,
				BB887E78C2A8A401A07742E1 /* ImplicitFieldsViewController.swift in Sources */,
				BB8876997D2FED821F36561F /* NestedFieldsViewController.swift in Sources */,
				BB88708780FF1614F0B6D653 /* UIView+Extensions.swift in Sources */,
				BB8876BF5DC6D7B74C8DA005 /* AutofillableViewController.swift in Sources */,
				BB887F993114083809241D68 /* Array+Extensions.swift in Sources */,
			);
			runOnlyForDeploymentPostprocessing = 0;
		};
/* End PBXSourcesBuildPhase section */

/* Begin PBXVariantGroup section */
		D0D53C60238C390C008A7137 /* LaunchScreen.storyboard */ = {
			isa = PBXVariantGroup;
			children = (
				D0D53C61238C390C008A7137 /* Base */,
			);
			name = LaunchScreen.storyboard;
			sourceTree = "<group>";
		};
/* End PBXVariantGroup section */

/* Begin XCBuildConfiguration section */
		D0D53C64238C390C008A7137 /* Debug */ = {
			isa = XCBuildConfiguration;
			buildSettings = {
				ALWAYS_SEARCH_USER_PATHS = NO;
				CLANG_ANALYZER_NONNULL = YES;
				CLANG_ANALYZER_NUMBER_OBJECT_CONVERSION = YES_AGGRESSIVE;
				CLANG_CXX_LANGUAGE_STANDARD = "gnu++14";
				CLANG_CXX_LIBRARY = "libc++";
				CLANG_ENABLE_MODULES = YES;
				CLANG_ENABLE_OBJC_ARC = YES;
				CLANG_ENABLE_OBJC_WEAK = YES;
				CLANG_WARN_BLOCK_CAPTURE_AUTORELEASING = YES;
				CLANG_WARN_BOOL_CONVERSION = YES;
				CLANG_WARN_COMMA = YES;
				CLANG_WARN_CONSTANT_CONVERSION = YES;
				CLANG_WARN_DEPRECATED_OBJC_IMPLEMENTATIONS = YES;
				CLANG_WARN_DIRECT_OBJC_ISA_USAGE = YES_ERROR;
				CLANG_WARN_DOCUMENTATION_COMMENTS = YES;
				CLANG_WARN_EMPTY_BODY = YES;
				CLANG_WARN_ENUM_CONVERSION = YES;
				CLANG_WARN_INFINITE_RECURSION = YES;
				CLANG_WARN_INT_CONVERSION = YES;
				CLANG_WARN_NON_LITERAL_NULL_CONVERSION = YES;
				CLANG_WARN_OBJC_IMPLICIT_RETAIN_SELF = YES;
				CLANG_WARN_OBJC_LITERAL_CONVERSION = YES;
				CLANG_WARN_OBJC_ROOT_CLASS = YES_ERROR;
				CLANG_WARN_RANGE_LOOP_ANALYSIS = YES;
				CLANG_WARN_STRICT_PROTOTYPES = YES;
				CLANG_WARN_SUSPICIOUS_MOVE = YES;
				CLANG_WARN_UNGUARDED_AVAILABILITY = YES_AGGRESSIVE;
				CLANG_WARN_UNREACHABLE_CODE = YES;
				CLANG_WARN__DUPLICATE_METHOD_MATCH = YES;
				CODE_SIGN_IDENTITY = "iPhone Developer";
				COPY_PHASE_STRIP = NO;
				DEBUG_INFORMATION_FORMAT = dwarf;
				ENABLE_STRICT_OBJC_MSGSEND = YES;
				ENABLE_TESTABILITY = YES;
				GCC_C_LANGUAGE_STANDARD = gnu11;
				GCC_DYNAMIC_NO_PIC = NO;
				GCC_NO_COMMON_BLOCKS = YES;
				GCC_OPTIMIZATION_LEVEL = 0;
				GCC_PREPROCESSOR_DEFINITIONS = (
					"DEBUG=1",
					"$(inherited)",
				);
				GCC_WARN_64_TO_32_BIT_CONVERSION = YES;
				GCC_WARN_ABOUT_RETURN_TYPE = YES_ERROR;
				GCC_WARN_UNDECLARED_SELECTOR = YES;
				GCC_WARN_UNINITIALIZED_AUTOS = YES_AGGRESSIVE;
				GCC_WARN_UNUSED_FUNCTION = YES;
				GCC_WARN_UNUSED_VARIABLE = YES;
				IPHONEOS_DEPLOYMENT_TARGET = 12.4;
				MTL_ENABLE_DEBUG_INFO = INCLUDE_SOURCE;
				MTL_FAST_MATH = YES;
				ONLY_ACTIVE_ARCH = YES;
				SDKROOT = iphoneos;
				SWIFT_ACTIVE_COMPILATION_CONDITIONS = DEBUG;
				SWIFT_OPTIMIZATION_LEVEL = "-Onone";
			};
			name = Debug;
		};
		D0D53C65238C390C008A7137 /* Release */ = {
			isa = XCBuildConfiguration;
			buildSettings = {
				ALWAYS_SEARCH_USER_PATHS = NO;
				CLANG_ANALYZER_NONNULL = YES;
				CLANG_ANALYZER_NUMBER_OBJECT_CONVERSION = YES_AGGRESSIVE;
				CLANG_CXX_LANGUAGE_STANDARD = "gnu++14";
				CLANG_CXX_LIBRARY = "libc++";
				CLANG_ENABLE_MODULES = YES;
				CLANG_ENABLE_OBJC_ARC = YES;
				CLANG_ENABLE_OBJC_WEAK = YES;
				CLANG_WARN_BLOCK_CAPTURE_AUTORELEASING = YES;
				CLANG_WARN_BOOL_CONVERSION = YES;
				CLANG_WARN_COMMA = YES;
				CLANG_WARN_CONSTANT_CONVERSION = YES;
				CLANG_WARN_DEPRECATED_OBJC_IMPLEMENTATIONS = YES;
				CLANG_WARN_DIRECT_OBJC_ISA_USAGE = YES_ERROR;
				CLANG_WARN_DOCUMENTATION_COMMENTS = YES;
				CLANG_WARN_EMPTY_BODY = YES;
				CLANG_WARN_ENUM_CONVERSION = YES;
				CLANG_WARN_INFINITE_RECURSION = YES;
				CLANG_WARN_INT_CONVERSION = YES;
				CLANG_WARN_NON_LITERAL_NULL_CONVERSION = YES;
				CLANG_WARN_OBJC_IMPLICIT_RETAIN_SELF = YES;
				CLANG_WARN_OBJC_LITERAL_CONVERSION = YES;
				CLANG_WARN_OBJC_ROOT_CLASS = YES_ERROR;
				CLANG_WARN_RANGE_LOOP_ANALYSIS = YES;
				CLANG_WARN_STRICT_PROTOTYPES = YES;
				CLANG_WARN_SUSPICIOUS_MOVE = YES;
				CLANG_WARN_UNGUARDED_AVAILABILITY = YES_AGGRESSIVE;
				CLANG_WARN_UNREACHABLE_CODE = YES;
				CLANG_WARN__DUPLICATE_METHOD_MATCH = YES;
				CODE_SIGN_IDENTITY = "iPhone Developer";
				COPY_PHASE_STRIP = NO;
				DEBUG_INFORMATION_FORMAT = "dwarf-with-dsym";
				ENABLE_NS_ASSERTIONS = NO;
				ENABLE_STRICT_OBJC_MSGSEND = YES;
				GCC_C_LANGUAGE_STANDARD = gnu11;
				GCC_NO_COMMON_BLOCKS = YES;
				GCC_WARN_64_TO_32_BIT_CONVERSION = YES;
				GCC_WARN_ABOUT_RETURN_TYPE = YES_ERROR;
				GCC_WARN_UNDECLARED_SELECTOR = YES;
				GCC_WARN_UNINITIALIZED_AUTOS = YES_AGGRESSIVE;
				GCC_WARN_UNUSED_FUNCTION = YES;
				GCC_WARN_UNUSED_VARIABLE = YES;
				IPHONEOS_DEPLOYMENT_TARGET = 12.4;
				MTL_ENABLE_DEBUG_INFO = NO;
				MTL_FAST_MATH = YES;
				SDKROOT = iphoneos;
				SWIFT_COMPILATION_MODE = wholemodule;
				SWIFT_OPTIMIZATION_LEVEL = "-O";
				VALIDATE_PRODUCT = YES;
			};
			name = Release;
		};
		D0D53C67238C390C008A7137 /* Debug */ = {
			isa = XCBuildConfiguration;
			baseConfigurationReference = 4DD35822A41AFEFD8EB13DA4 /* Pods-autofiller.debug.xcconfig */;
			buildSettings = {
				ASSETCATALOG_COMPILER_APPICON_NAME = AppIcon;
				CODE_SIGN_ENTITLEMENTS = autofiller/autofiller.entitlements;
				CODE_SIGN_STYLE = Automatic;
				DEVELOPMENT_TEAM = R97L8Z3A9J;
				INFOPLIST_FILE = autofiller/Info.plist;
				LD_RUNPATH_SEARCH_PATHS = (
					"$(inherited)",
					"@executable_path/Frameworks",
				);
				PRODUCT_BUNDLE_IDENTIFIER = com.idjachenko.autofiller;
				PRODUCT_NAME = "$(TARGET_NAME)";
				SWIFT_VERSION = 5.0;
				TARGETED_DEVICE_FAMILY = "1,2";
			};
			name = Debug;
		};
		D0D53C68238C390C008A7137 /* Release */ = {
			isa = XCBuildConfiguration;
			baseConfigurationReference = 984D9E6AD71DA4BE12A22DB6 /* Pods-autofiller.release.xcconfig */;
			buildSettings = {
				ASSETCATALOG_COMPILER_APPICON_NAME = AppIcon;
				CODE_SIGN_ENTITLEMENTS = autofiller/autofiller.entitlements;
				CODE_SIGN_STYLE = Automatic;
				DEVELOPMENT_TEAM = R97L8Z3A9J;
				INFOPLIST_FILE = autofiller/Info.plist;
				LD_RUNPATH_SEARCH_PATHS = (
					"$(inherited)",
					"@executable_path/Frameworks",
				);
				PRODUCT_BUNDLE_IDENTIFIER = com.idjachenko.autofiller;
				PRODUCT_NAME = "$(TARGET_NAME)";
				SWIFT_VERSION = 5.0;
				TARGETED_DEVICE_FAMILY = "1,2";
			};
			name = Release;
		};
/* End XCBuildConfiguration section */

/* Begin XCConfigurationList section */
		D0D53C4F238C390A008A7137 /* Build configuration list for PBXProject "autofiller" */ = {
			isa = XCConfigurationList;
			buildConfigurations = (
				D0D53C64238C390C008A7137 /* Debug */,
				D0D53C65238C390C008A7137 /* Release */,
			);
			defaultConfigurationIsVisible = 0;
			defaultConfigurationName = Release;
		};
		D0D53C66238C390C008A7137 /* Build configuration list for PBXNativeTarget "autofiller" */ = {
			isa = XCConfigurationList;
			buildConfigurations = (
				D0D53C67238C390C008A7137 /* Debug */,
				D0D53C68238C390C008A7137 /* Release */,
			);
			defaultConfigurationIsVisible = 0;
			defaultConfigurationName = Release;
		};
/* End XCConfigurationList section */
	};
	rootObject = D0D53C4C238C390A008A7137 /* Project object */;
}
