// !$*UTF8*$!
{
	archiveVersion = 1;
	classes = {
	};
	objectVersion = 51;
	objects = {

/* Begin PBXBuildFile section */
		13252BD50A2111D6F303B08E /* Pods_AutofillerTests.framework in Frameworks */ = {isa = PBXBuildFile; fileRef = 27E74F0E46A49E153DE3BFC7 /* Pods_AutofillerTests.framework */; };
		6E2E3F9AE5BCEDBC8A606D9D /* Pods_AutofillerExamples.framework in Frameworks */ = {isa = PBXBuildFile; fileRef = 89FED3BC46C139ED95493981 /* Pods_AutofillerExamples.framework */; };
		BB8871A8654F683495C7FE7A /* Array+Extensions.swift in Sources */ = {isa = PBXBuildFile; fileRef = BB887297D321420763E1146F /* Array+Extensions.swift */; };
		BB88732E168A0951B5E41AB0 /* LaunchScreen.storyboard in Resources */ = {isa = PBXBuildFile; fileRef = BB8878673CEE4520952F2BA9 /* LaunchScreen.storyboard */; };
		BB88742BE1061A78C280EBC5 /* GenericAutofillerTests.swift in Sources */ = {isa = PBXBuildFile; fileRef = BB887EC4DB450165FC1A83B5 /* GenericAutofillerTests.swift */; };
		BB8876AD70B883C3CE50B920 /* UIView+Extensions.swift in Sources */ = {isa = PBXBuildFile; fileRef = BB887FB64E0696BEA98685DB /* UIView+Extensions.swift */; };
		BB8878220CBE41CD192F9C87 /* NestedFieldsSnapshotTests.swift in Sources */ = {isa = PBXBuildFile; fileRef = BB8877D4B1BB14463D3C3B62 /* NestedFieldsSnapshotTests.swift */; };
		BB887A714BCF6F3430581011 /* NestedFieldsAutofillerTests.swift in Sources */ = {isa = PBXBuildFile; fileRef = BB88782881147FFA5EBBFA8F /* NestedFieldsAutofillerTests.swift */; };
		BB887D291ACFDE93B0A65CC9 /* GenericSnapshotTests.swift in Sources */ = {isa = PBXBuildFile; fileRef = BB88735B37D9EE6D01FE1A10 /* GenericSnapshotTests.swift */; };
		BB887E0D64CF56B2DEFC6318 /* ImplicitFieldsSnapshotTests.swift in Sources */ = {isa = PBXBuildFile; fileRef = BB8877CD705E03CE02F8AA0F /* ImplicitFieldsSnapshotTests.swift */; };
		BB887F3DC1D06F484F58066C /* ImplicitFieldsAutofillerTests.swift in Sources */ = {isa = PBXBuildFile; fileRef = BB887D9651045013C5A8ECEC /* ImplicitFieldsAutofillerTests.swift */; };
		D06080B02395C13E00643D02 /* AppDelegate.swift in Sources */ = {isa = PBXBuildFile; fileRef = D0D53C57238C390A008A7137 /* AppDelegate.swift */; };
		D06080B12395C13E00643D02 /* BaseViewController.swift in Sources */ = {isa = PBXBuildFile; fileRef = BB887004D7BCACEA8CEFD20B /* BaseViewController.swift */; };
		D06080B22395C13E00643D02 /* ExampleListViewController.swift in Sources */ = {isa = PBXBuildFile; fileRef = BB8878AD6FD6289E05B5B766 /* ExampleListViewController.swift */; };
		D06080B32395C13E00643D02 /* ExampleListViewController.xib in Resources */ = {isa = PBXBuildFile; fileRef = BB8877DF25541B9E9C82FAFC /* ExampleListViewController.xib */; };
		D06080B42395C13E00643D02 /* ExampleTableViewCell.swift in Sources */ = {isa = PBXBuildFile; fileRef = BB887FBA3A96224D3002747C /* ExampleTableViewCell.swift */; };
		D06080B52395C13E00643D02 /* ExampleTableViewCell.xib in Resources */ = {isa = PBXBuildFile; fileRef = BB887BCAF7F4B45BB2C115D9 /* ExampleTableViewCell.xib */; };
		D06080B62395C13E00643D02 /* AutofillableViewController.swift in Sources */ = {isa = PBXBuildFile; fileRef = BB8877D3FD09819CA53A1610 /* AutofillableViewController.swift */; };
		D06080B72395C13E00643D02 /* ImplicitFieldsViewController.swift in Sources */ = {isa = PBXBuildFile; fileRef = BB887A8D797702394D663E86 /* ImplicitFieldsViewController.swift */; };
		D06080B82395C13E00643D02 /* ImplicitFieldsViewController.xib in Resources */ = {isa = PBXBuildFile; fileRef = BB8873299648F3E7894F638B /* ImplicitFieldsViewController.xib */; };
		D06080B92395C13E00643D02 /* NestedFieldsViewController.swift in Sources */ = {isa = PBXBuildFile; fileRef = BB88746AE3CE1B45671C0303 /* NestedFieldsViewController.swift */; };
		D06080BA2395C13E00643D02 /* NestedFieldsViewController.xib in Resources */ = {isa = PBXBuildFile; fileRef = BB887688510569AF58967C1F /* NestedFieldsViewController.xib */; };
		D06080BB2395C13E00643D02 /* SuccessViewController.swift in Sources */ = {isa = PBXBuildFile; fileRef = BB88782A5F01B98038A17615 /* SuccessViewController.swift */; };
		D06080BC2395C13E00643D02 /* SuccessViewController.xib in Resources */ = {isa = PBXBuildFile; fileRef = BB88786F523A9516A81B6E10 /* SuccessViewController.xib */; };
		D07DD2C22396B974007D6FD0 /* Images.xcassets in Resources */ = {isa = PBXBuildFile; fileRef = D0D53C5E238C390C008A7137 /* Images.xcassets */; };
		D0DF30962395C76B0040388E /* Autofiller.h in Headers */ = {isa = PBXBuildFile; fileRef = D0DF30942395C76B0040388E /* Autofiller.h */; settings = {ATTRIBUTES = (Public, ); }; };
		D0DF30A02395C7B40040388E /* Autofiller.swift in Sources */ = {isa = PBXBuildFile; fileRef = D0DF309E2395C7B40040388E /* Autofiller.swift */; };
/* End PBXBuildFile section */

/* Begin PBXContainerItemProxy section */
		D06E719523A29ACB0060B24E /* PBXContainerItemProxy */ = {
			isa = PBXContainerItemProxy;
			containerPortal = D0D53C4C238C390A008A7137 /* Project object */;
			proxyType = 1;
			remoteGlobalIDString = D060809C2395BFC700643D02;
			remoteInfo = AutofillerExamples;
		};
/* End PBXContainerItemProxy section */

/* Begin PBXCopyFilesBuildPhase section */
		D06080D12395C39000643D02 /* Embed Frameworks */ = {
			isa = PBXCopyFilesBuildPhase;
			buildActionMask = 2147483647;
			dstPath = "";
			dstSubfolderSpec = 10;
			files = (
			);
			name = "Embed Frameworks";
			runOnlyForDeploymentPostprocessing = 0;
		};
/* End PBXCopyFilesBuildPhase section */

/* Begin PBXFileReference section */
		27E74F0E46A49E153DE3BFC7 /* Pods_AutofillerTests.framework */ = {isa = PBXFileReference; explicitFileType = wrapper.framework; includeInIndex = 0; path = Pods_AutofillerTests.framework; sourceTree = BUILT_PRODUCTS_DIR; };
		593399A5F882BDE76F04913A /* Pods-AutofillerTests.debug.xcconfig */ = {isa = PBXFileReference; includeInIndex = 1; lastKnownFileType = text.xcconfig; name = "Pods-AutofillerTests.debug.xcconfig"; path = "Target Support Files/Pods-AutofillerTests/Pods-AutofillerTests.debug.xcconfig"; sourceTree = "<group>"; };
		89FED3BC46C139ED95493981 /* Pods_AutofillerExamples.framework */ = {isa = PBXFileReference; explicitFileType = wrapper.framework; includeInIndex = 0; path = Pods_AutofillerExamples.framework; sourceTree = BUILT_PRODUCTS_DIR; };
		BB8870001E84D001D36EC5D2 /* .travis.yml */ = {isa = PBXFileReference; lastKnownFileType = file.yml; path = .travis.yml; sourceTree = "<group>"; };
		BB887004D7BCACEA8CEFD20B /* BaseViewController.swift */ = {isa = PBXFileReference; fileEncoding = 4; lastKnownFileType = sourcecode.swift; path = BaseViewController.swift; sourceTree = "<group>"; };
		BB8870748A382E670C3AF8AB /* LICENSE.txt */ = {isa = PBXFileReference; fileEncoding = 4; lastKnownFileType = text; path = LICENSE.txt; sourceTree = "<group>"; };
		BB887297D321420763E1146F /* Array+Extensions.swift */ = {isa = PBXFileReference; fileEncoding = 4; lastKnownFileType = sourcecode.swift; path = "Array+Extensions.swift"; sourceTree = "<group>"; };
		BB8873299648F3E7894F638B /* ImplicitFieldsViewController.xib */ = {isa = PBXFileReference; lastKnownFileType = file.xib; path = ImplicitFieldsViewController.xib; sourceTree = "<group>"; };
		BB88735B37D9EE6D01FE1A10 /* GenericSnapshotTests.swift */ = {isa = PBXFileReference; fileEncoding = 4; lastKnownFileType = sourcecode.swift; path = GenericSnapshotTests.swift; sourceTree = "<group>"; };
		BB88746AE3CE1B45671C0303 /* NestedFieldsViewController.swift */ = {isa = PBXFileReference; fileEncoding = 4; lastKnownFileType = sourcecode.swift; path = NestedFieldsViewController.swift; sourceTree = "<group>"; };
		BB887688510569AF58967C1F /* NestedFieldsViewController.xib */ = {isa = PBXFileReference; lastKnownFileType = file.xib; path = NestedFieldsViewController.xib; sourceTree = "<group>"; };
		BB8877CD705E03CE02F8AA0F /* ImplicitFieldsSnapshotTests.swift */ = {isa = PBXFileReference; fileEncoding = 4; lastKnownFileType = sourcecode.swift; path = ImplicitFieldsSnapshotTests.swift; sourceTree = "<group>"; };
		BB8877D3FD09819CA53A1610 /* AutofillableViewController.swift */ = {isa = PBXFileReference; fileEncoding = 4; lastKnownFileType = sourcecode.swift; path = AutofillableViewController.swift; sourceTree = "<group>"; };
		BB8877D4B1BB14463D3C3B62 /* NestedFieldsSnapshotTests.swift */ = {isa = PBXFileReference; fileEncoding = 4; lastKnownFileType = sourcecode.swift; path = NestedFieldsSnapshotTests.swift; sourceTree = "<group>"; };
		BB8877DF25541B9E9C82FAFC /* ExampleListViewController.xib */ = {isa = PBXFileReference; lastKnownFileType = file.xib; path = ExampleListViewController.xib; sourceTree = "<group>"; };
		BB88782881147FFA5EBBFA8F /* NestedFieldsAutofillerTests.swift */ = {isa = PBXFileReference; fileEncoding = 4; lastKnownFileType = sourcecode.swift; path = NestedFieldsAutofillerTests.swift; sourceTree = "<group>"; };
		BB88782A5F01B98038A17615 /* SuccessViewController.swift */ = {isa = PBXFileReference; fileEncoding = 4; lastKnownFileType = sourcecode.swift; path = SuccessViewController.swift; sourceTree = "<group>"; };
		BB8878673CEE4520952F2BA9 /* LaunchScreen.storyboard */ = {isa = PBXFileReference; lastKnownFileType = file.storyboard; path = LaunchScreen.storyboard; sourceTree = "<group>"; };
		BB88786F523A9516A81B6E10 /* SuccessViewController.xib */ = {isa = PBXFileReference; lastKnownFileType = file.xib; path = SuccessViewController.xib; sourceTree = "<group>"; };
		BB8878AD6FD6289E05B5B766 /* ExampleListViewController.swift */ = {isa = PBXFileReference; fileEncoding = 4; lastKnownFileType = sourcecode.swift; path = ExampleListViewController.swift; sourceTree = "<group>"; };
		BB887A8D797702394D663E86 /* ImplicitFieldsViewController.swift */ = {isa = PBXFileReference; fileEncoding = 4; lastKnownFileType = sourcecode.swift; path = ImplicitFieldsViewController.swift; sourceTree = "<group>"; };
		BB887BCAF7F4B45BB2C115D9 /* ExampleTableViewCell.xib */ = {isa = PBXFileReference; lastKnownFileType = file.xib; path = ExampleTableViewCell.xib; sourceTree = "<group>"; };
		BB887BCD836EFB0C867C361F /* Autofiller.podspec */ = {isa = PBXFileReference; lastKnownFileType = file.podspec; path = Autofiller.podspec; sourceTree = "<group>"; };
		BB887CE791322F583084937A /* Podfile */ = {isa = PBXFileReference; fileEncoding = 4; lastKnownFileType = text; path = Podfile; sourceTree = "<group>"; };
		BB887D9651045013C5A8ECEC /* ImplicitFieldsAutofillerTests.swift */ = {isa = PBXFileReference; fileEncoding = 4; lastKnownFileType = sourcecode.swift; path = ImplicitFieldsAutofillerTests.swift; sourceTree = "<group>"; };
		BB887EC4DB450165FC1A83B5 /* GenericAutofillerTests.swift */ = {isa = PBXFileReference; fileEncoding = 4; lastKnownFileType = sourcecode.swift; path = GenericAutofillerTests.swift; sourceTree = "<group>"; };
		BB887FB64E0696BEA98685DB /* UIView+Extensions.swift */ = {isa = PBXFileReference; fileEncoding = 4; lastKnownFileType = sourcecode.swift; path = "UIView+Extensions.swift"; sourceTree = "<group>"; };
		BB887FBA3A96224D3002747C /* ExampleTableViewCell.swift */ = {isa = PBXFileReference; fileEncoding = 4; lastKnownFileType = sourcecode.swift; path = ExampleTableViewCell.swift; sourceTree = "<group>"; };
		BD0064BC13CC33EA333753E4 /* Pods-AutofillerTests.release.xcconfig */ = {isa = PBXFileReference; includeInIndex = 1; lastKnownFileType = text.xcconfig; name = "Pods-AutofillerTests.release.xcconfig"; path = "Target Support Files/Pods-AutofillerTests/Pods-AutofillerTests.release.xcconfig"; sourceTree = "<group>"; };
		CDEF64BB71BA2664E76C50CC /* Pods-AutofillerExamples.release.xcconfig */ = {isa = PBXFileReference; includeInIndex = 1; lastKnownFileType = text.xcconfig; name = "Pods-AutofillerExamples.release.xcconfig"; path = "Target Support Files/Pods-AutofillerExamples/Pods-AutofillerExamples.release.xcconfig"; sourceTree = "<group>"; };
		D021C40723A2938C00F59ED0 /* AutofillerTests.xctest */ = {isa = PBXFileReference; explicitFileType = wrapper.cfbundle; includeInIndex = 0; path = AutofillerTests.xctest; sourceTree = BUILT_PRODUCTS_DIR; };
		D021C40B23A2938C00F59ED0 /* Info.plist */ = {isa = PBXFileReference; lastKnownFileType = text.plist.xml; path = Info.plist; sourceTree = "<group>"; };
		D060809D2395BFC700643D02 /* AutofillerExamples.app */ = {isa = PBXFileReference; explicitFileType = wrapper.application; includeInIndex = 0; path = AutofillerExamples.app; sourceTree = BUILT_PRODUCTS_DIR; };
		D06080BD2395C16900643D02 /* AutofillerExamples.entitlements */ = {isa = PBXFileReference; lastKnownFileType = text.plist.entitlements; path = AutofillerExamples.entitlements; sourceTree = "<group>"; };
		D0D53C57238C390A008A7137 /* AppDelegate.swift */ = {isa = PBXFileReference; lastKnownFileType = sourcecode.swift; path = AppDelegate.swift; sourceTree = "<group>"; };
		D0D53C5E238C390C008A7137 /* Images.xcassets */ = {isa = PBXFileReference; lastKnownFileType = folder.assetcatalog; path = Images.xcassets; sourceTree = "<group>"; };
		D0D53C63238C390C008A7137 /* Info.plist */ = {isa = PBXFileReference; lastKnownFileType = text.plist.xml; path = Info.plist; sourceTree = "<group>"; };
		D0DF30922395C76B0040388E /* Autofiller.framework */ = {isa = PBXFileReference; explicitFileType = wrapper.framework; includeInIndex = 0; path = Autofiller.framework; sourceTree = BUILT_PRODUCTS_DIR; };
		D0DF30942395C76B0040388E /* Autofiller.h */ = {isa = PBXFileReference; lastKnownFileType = sourcecode.c.h; path = Autofiller.h; sourceTree = "<group>"; };
		D0DF30952395C76B0040388E /* Info.plist */ = {isa = PBXFileReference; lastKnownFileType = text.plist.xml; path = Info.plist; sourceTree = "<group>"; };
		D0DF309E2395C7B40040388E /* Autofiller.swift */ = {isa = PBXFileReference; fileEncoding = 4; lastKnownFileType = sourcecode.swift; path = Autofiller.swift; sourceTree = "<group>"; };
		E1B1C3A8607417CE1C58A50F /* Pods-AutofillerExamples.debug.xcconfig */ = {isa = PBXFileReference; includeInIndex = 1; lastKnownFileType = text.xcconfig; name = "Pods-AutofillerExamples.debug.xcconfig"; path = "Target Support Files/Pods-AutofillerExamples/Pods-AutofillerExamples.debug.xcconfig"; sourceTree = "<group>"; };
/* End PBXFileReference section */

/* Begin PBXFrameworksBuildPhase section */
		D021C40423A2938C00F59ED0 /* Frameworks */ = {
			isa = PBXFrameworksBuildPhase;
			buildActionMask = 2147483647;
			files = (
				13252BD50A2111D6F303B08E /* Pods_AutofillerTests.framework in Frameworks */,
			);
			runOnlyForDeploymentPostprocessing = 0;
		};
		D060809A2395BFC700643D02 /* Frameworks */ = {
			isa = PBXFrameworksBuildPhase;
			buildActionMask = 2147483647;
			files = (
				6E2E3F9AE5BCEDBC8A606D9D /* Pods_AutofillerExamples.framework in Frameworks */,
			);
			runOnlyForDeploymentPostprocessing = 0;
		};
		D0DF308F2395C76B0040388E /* Frameworks */ = {
			isa = PBXFrameworksBuildPhase;
			buildActionMask = 2147483647;
			files = (
			);
			runOnlyForDeploymentPostprocessing = 0;
		};
/* End PBXFrameworksBuildPhase section */

/* Begin PBXGroup section */
		9A2C256A542F4FEA59350D32 /* Frameworks */ = {
			isa = PBXGroup;
			children = (
				89FED3BC46C139ED95493981 /* Pods_AutofillerExamples.framework */,
				27E74F0E46A49E153DE3BFC7 /* Pods_AutofillerTests.framework */,
			);
			name = Frameworks;
			sourceTree = "<group>";
		};
		9C3EAFF8D8351DF2664EF710 /* Pods */ = {
			isa = PBXGroup;
			children = (
				E1B1C3A8607417CE1C58A50F /* Pods-AutofillerExamples.debug.xcconfig */,
				CDEF64BB71BA2664E76C50CC /* Pods-AutofillerExamples.release.xcconfig */,
				593399A5F882BDE76F04913A /* Pods-AutofillerTests.debug.xcconfig */,
				BD0064BC13CC33EA333753E4 /* Pods-AutofillerTests.release.xcconfig */,
			);
			path = Pods;
			sourceTree = "<group>";
		};
		BB887337830E92152185F34C /* SuccessViewController */ = {
			isa = PBXGroup;
			children = (
				BB88782A5F01B98038A17615 /* SuccessViewController.swift */,
				BB88786F523A9516A81B6E10 /* SuccessViewController.xib */,
			);
			path = SuccessViewController;
			sourceTree = "<group>";
		};
		BB88737122B71B89D6C42795 /* UnitTests */ = {
			isa = PBXGroup;
			children = (
				BB887EC4DB450165FC1A83B5 /* GenericAutofillerTests.swift */,
				BB887D9651045013C5A8ECEC /* ImplicitFieldsAutofillerTests.swift */,
				BB88782881147FFA5EBBFA8F /* NestedFieldsAutofillerTests.swift */,
			);
			path = UnitTests;
			sourceTree = "<group>";
		};
		BB88739C7A2C5AF4461D847C /* ExampleTableViewCell */ = {
			isa = PBXGroup;
			children = (
				BB887FBA3A96224D3002747C /* ExampleTableViewCell.swift */,
				BB887BCAF7F4B45BB2C115D9 /* ExampleTableViewCell.xib */,
			);
			path = ExampleTableViewCell;
			sourceTree = "<group>";
		};
		BB8873D58734BFF9CB8EE3C5 /* ExampleListViewController */ = {
			isa = PBXGroup;
			children = (
				BB8878AD6FD6289E05B5B766 /* ExampleListViewController.swift */,
				BB8877DF25541B9E9C82FAFC /* ExampleListViewController.xib */,
				BB88739C7A2C5AF4461D847C /* ExampleTableViewCell */,
			);
			path = ExampleListViewController;
			sourceTree = "<group>";
		};
		BB88753662EF9016FCED2EA1 /* SnapshotTests */ = {
			isa = PBXGroup;
			children = (
				BB8877D4B1BB14463D3C3B62 /* NestedFieldsSnapshotTests.swift */,
				BB88735B37D9EE6D01FE1A10 /* GenericSnapshotTests.swift */,
				BB8877CD705E03CE02F8AA0F /* ImplicitFieldsSnapshotTests.swift */,
			);
			path = SnapshotTests;
			sourceTree = "<group>";
		};
		BB887D8FF6E3C75B4726CA1C /* NestedFieldsViewController */ = {
			isa = PBXGroup;
			children = (
				BB88746AE3CE1B45671C0303 /* NestedFieldsViewController.swift */,
				BB887688510569AF58967C1F /* NestedFieldsViewController.xib */,
			);
			path = NestedFieldsViewController;
			sourceTree = "<group>";
		};
		BB887EE1CD980B64722722D5 /* ImplicitFieldsViewController */ = {
			isa = PBXGroup;
			children = (
				BB887A8D797702394D663E86 /* ImplicitFieldsViewController.swift */,
				BB8873299648F3E7894F638B /* ImplicitFieldsViewController.xib */,
			);
			path = ImplicitFieldsViewController;
			sourceTree = "<group>";
		};
		BB887FD907DDAB0E22A02323 /* Helpers */ = {
			isa = PBXGroup;
			children = (
				BB887297D321420763E1146F /* Array+Extensions.swift */,
				BB887FB64E0696BEA98685DB /* UIView+Extensions.swift */,
			);
			path = Helpers;
			sourceTree = "<group>";
		};
		BB887FDCADCF3D913948C4F0 /* Examples */ = {
			isa = PBXGroup;
			children = (
				BB8877D3FD09819CA53A1610 /* AutofillableViewController.swift */,
				BB887EE1CD980B64722722D5 /* ImplicitFieldsViewController */,
				BB887D8FF6E3C75B4726CA1C /* NestedFieldsViewController */,
			);
			path = Examples;
			sourceTree = "<group>";
		};
		D021C40823A2938C00F59ED0 /* AutofillerTests */ = {
			isa = PBXGroup;
			children = (
				D021C40B23A2938C00F59ED0 /* Info.plist */,
				BB88737122B71B89D6C42795 /* UnitTests */,
				BB88753662EF9016FCED2EA1 /* SnapshotTests */,
			);
			path = AutofillerTests;
			sourceTree = "<group>";
		};
		D060809E2395BFC700643D02 /* AutofillerExamples */ = {
			isa = PBXGroup;
			children = (
				D0D53C57238C390A008A7137 /* AppDelegate.swift */,
				D06080BD2395C16900643D02 /* AutofillerExamples.entitlements */,
				BB887004D7BCACEA8CEFD20B /* BaseViewController.swift */,
				BB8873D58734BFF9CB8EE3C5 /* ExampleListViewController */,
				BB887FDCADCF3D913948C4F0 /* Examples */,
				D0D53C5E238C390C008A7137 /* Images.xcassets */,
				D0D53C63238C390C008A7137 /* Info.plist */,
				BB8878673CEE4520952F2BA9 /* LaunchScreen.storyboard */,
				BB887337830E92152185F34C /* SuccessViewController */,
			);
			path = AutofillerExamples;
			sourceTree = "<group>";
		};
		D0D53C4B238C390A008A7137 = {
			isa = PBXGroup;
			children = (
				D0DF30932395C76B0040388E /* Autofiller */,
				D060809E2395BFC700643D02 /* AutofillerExamples */,
				D021C40823A2938C00F59ED0 /* AutofillerTests */,
				BB887CE791322F583084937A /* Podfile */,
				9C3EAFF8D8351DF2664EF710 /* Pods */,
				D0D53C55238C390A008A7137 /* Products */,
				BB887BCD836EFB0C867C361F /* Autofiller.podspec */,
				BB8870748A382E670C3AF8AB /* LICENSE.txt */,
				9A2C256A542F4FEA59350D32 /* Frameworks */,
				BB8870001E84D001D36EC5D2 /* .travis.yml */,
			);
			sourceTree = "<group>";
		};
		D0D53C55238C390A008A7137 /* Products */ = {
			isa = PBXGroup;
			children = (
				D060809D2395BFC700643D02 /* AutofillerExamples.app */,
				D0DF30922395C76B0040388E /* Autofiller.framework */,
				D021C40723A2938C00F59ED0 /* AutofillerTests.xctest */,
			);
			name = Products;
			sourceTree = "<group>";
		};
		D0DF30932395C76B0040388E /* Autofiller */ = {
			isa = PBXGroup;
			children = (
				D0DF30942395C76B0040388E /* Autofiller.h */,
				D0DF309E2395C7B40040388E /* Autofiller.swift */,
				BB887FD907DDAB0E22A02323 /* Helpers */,
				D0DF30952395C76B0040388E /* Info.plist */,
			);
			path = Autofiller;
			sourceTree = "<group>";
		};
/* End PBXGroup section */

/* Begin PBXHeadersBuildPhase section */
		D0DF308D2395C76B0040388E /* Headers */ = {
			isa = PBXHeadersBuildPhase;
			buildActionMask = 2147483647;
			files = (
				D0DF30962395C76B0040388E /* Autofiller.h in Headers */,
			);
			runOnlyForDeploymentPostprocessing = 0;
		};
/* End PBXHeadersBuildPhase section */

/* Begin PBXNativeTarget section */
		D021C40623A2938C00F59ED0 /* AutofillerTests */ = {
			isa = PBXNativeTarget;
			buildConfigurationList = D021C41123A2938C00F59ED0 /* Build configuration list for PBXNativeTarget "AutofillerTests" */;
			buildPhases = (
				EA7BCA1F54C39EB75BCCE26D /* [CP] Check Pods Manifest.lock */,
				D021C40323A2938C00F59ED0 /* Sources */,
				D021C40423A2938C00F59ED0 /* Frameworks */,
				D021C40523A2938C00F59ED0 /* Resources */,
				F340F4229F5741088FFB0DE9 /* [CP] Embed Pods Frameworks */,
			);
			buildRules = (
			);
			dependencies = (
				D06E719623A29ACB0060B24E /* PBXTargetDependency */,
			);
			name = AutofillerTests;
			productName = AutofillerTests;
			productReference = D021C40723A2938C00F59ED0 /* AutofillerTests.xctest */;
			productType = "com.apple.product-type.bundle.unit-test";
		};
		D060809C2395BFC700643D02 /* AutofillerExamples */ = {
			isa = PBXNativeTarget;
			buildConfigurationList = D06080AE2395BFC800643D02 /* Build configuration list for PBXNativeTarget "AutofillerExamples" */;
			buildPhases = (
				4AF3766604D28042702DACF6 /* [CP] Check Pods Manifest.lock */,
				D06080992395BFC700643D02 /* Sources */,
				D060809A2395BFC700643D02 /* Frameworks */,
				D060809B2395BFC700643D02 /* Resources */,
				D06080D12395C39000643D02 /* Embed Frameworks */,
				41B5D7037AC27BA3256F372E /* [CP] Embed Pods Frameworks */,
			);
			buildRules = (
			);
			dependencies = (
			);
			name = AutofillerExamples;
			productName = AutofillerExamples;
			productReference = D060809D2395BFC700643D02 /* AutofillerExamples.app */;
			productType = "com.apple.product-type.application";
		};
		D0DF30912395C76B0040388E /* Autofiller */ = {
			isa = PBXNativeTarget;
			buildConfigurationList = D0DF309B2395C76B0040388E /* Build configuration list for PBXNativeTarget "Autofiller" */;
			buildPhases = (
				D0DF308D2395C76B0040388E /* Headers */,
				D0DF308E2395C76B0040388E /* Sources */,
				D0DF308F2395C76B0040388E /* Frameworks */,
				D0DF30902395C76B0040388E /* Resources */,
			);
			buildRules = (
			);
			dependencies = (
			);
			name = Autofiller;
			productName = Autofiller;
			productReference = D0DF30922395C76B0040388E /* Autofiller.framework */;
			productType = "com.apple.product-type.framework";
		};
/* End PBXNativeTarget section */

/* Begin PBXProject section */
		D0D53C4C238C390A008A7137 /* Project object */ = {
			isa = PBXProject;
			attributes = {
				LastSwiftUpdateCheck = 1030;
				LastUpgradeCheck = 1030;
				ORGANIZATIONNAME = djachenko;
				TargetAttributes = {
					D021C40623A2938C00F59ED0 = {
						CreatedOnToolsVersion = 10.3;
						TestTargetID = D060809C2395BFC700643D02;
					};
					D060809C2395BFC700643D02 = {
						CreatedOnToolsVersion = 10.3;
						SystemCapabilities = {
							com.apple.SafariKeychain = {
								enabled = 1;
							};
						};
					};
					D0DF30912395C76B0040388E = {
						CreatedOnToolsVersion = 10.3;
						LastSwiftMigration = 1030;
					};
				};
			};
			buildConfigurationList = D0D53C4F238C390A008A7137 /* Build configuration list for PBXProject "Autofiller" */;
			compatibilityVersion = "Xcode 9.3";
			developmentRegion = en;
			hasScannedForEncodings = 0;
			knownRegions = (
				en,
			);
			mainGroup = D0D53C4B238C390A008A7137;
			productRefGroup = D0D53C55238C390A008A7137 /* Products */;
			projectDirPath = "";
			projectRoot = "";
			targets = (
				D0DF30912395C76B0040388E /* Autofiller */,
				D060809C2395BFC700643D02 /* AutofillerExamples */,
				D021C40623A2938C00F59ED0 /* AutofillerTests */,
			);
		};
/* End PBXProject section */

/* Begin PBXResourcesBuildPhase section */
		D021C40523A2938C00F59ED0 /* Resources */ = {
			isa = PBXResourcesBuildPhase;
			buildActionMask = 2147483647;
			files = (
			);
			runOnlyForDeploymentPostprocessing = 0;
		};
		D060809B2395BFC700643D02 /* Resources */ = {
			isa = PBXResourcesBuildPhase;
			buildActionMask = 2147483647;
			files = (
				D06080BA2395C13E00643D02 /* NestedFieldsViewController.xib in Resources */,
				D06080B82395C13E00643D02 /* ImplicitFieldsViewController.xib in Resources */,
				D06080BC2395C13E00643D02 /* SuccessViewController.xib in Resources */,
				D07DD2C22396B974007D6FD0 /* Images.xcassets in Resources */,
				D06080B52395C13E00643D02 /* ExampleTableViewCell.xib in Resources */,
				D06080B32395C13E00643D02 /* ExampleListViewController.xib in Resources */,
				BB88732E168A0951B5E41AB0 /* LaunchScreen.storyboard in Resources */,
			);
			runOnlyForDeploymentPostprocessing = 0;
		};
		D0DF30902395C76B0040388E /* Resources */ = {
			isa = PBXResourcesBuildPhase;
			buildActionMask = 2147483647;
			files = (
			);
			runOnlyForDeploymentPostprocessing = 0;
		};
/* End PBXResourcesBuildPhase section */

/* Begin PBXShellScriptBuildPhase section */
		41B5D7037AC27BA3256F372E /* [CP] Embed Pods Frameworks */ = {
			isa = PBXShellScriptBuildPhase;
			buildActionMask = 2147483647;
			files = (
			);
			inputFileListPaths = (
				"${PODS_ROOT}/Target Support Files/Pods-AutofillerExamples/Pods-AutofillerExamples-frameworks-${CONFIGURATION}-input-files.xcfilelist",
			);
			name = "[CP] Embed Pods Frameworks";
			outputFileListPaths = (
				"${PODS_ROOT}/Target Support Files/Pods-AutofillerExamples/Pods-AutofillerExamples-frameworks-${CONFIGURATION}-output-files.xcfilelist",
			);
			runOnlyForDeploymentPostprocessing = 0;
			shellPath = /bin/sh;
			shellScript = "\"${PODS_ROOT}/Target Support Files/Pods-AutofillerExamples/Pods-AutofillerExamples-frameworks.sh\"\n";
			showEnvVarsInLog = 0;
		};
		4AF3766604D28042702DACF6 /* [CP] Check Pods Manifest.lock */ = {
			isa = PBXShellScriptBuildPhase;
			buildActionMask = 2147483647;
			files = (
			);
			inputFileListPaths = (
			);
			inputPaths = (
				"${PODS_PODFILE_DIR_PATH}/Podfile.lock",
				"${PODS_ROOT}/Manifest.lock",
			);
			name = "[CP] Check Pods Manifest.lock";
			outputFileListPaths = (
			);
			outputPaths = (
				"$(DERIVED_FILE_DIR)/Pods-AutofillerExamples-checkManifestLockResult.txt",
			);
			runOnlyForDeploymentPostprocessing = 0;
			shellPath = /bin/sh;
			shellScript = "diff \"${PODS_PODFILE_DIR_PATH}/Podfile.lock\" \"${PODS_ROOT}/Manifest.lock\" > /dev/null\nif [ $? != 0 ] ; then\n    # print error to STDERR\n    echo \"error: The sandbox is not in sync with the Podfile.lock. Run 'pod install' or update your CocoaPods installation.\" >&2\n    exit 1\nfi\n# This output is used by Xcode 'outputs' to avoid re-running this script phase.\necho \"SUCCESS\" > \"${SCRIPT_OUTPUT_FILE_0}\"\n";
			showEnvVarsInLog = 0;
		};
		EA7BCA1F54C39EB75BCCE26D /* [CP] Check Pods Manifest.lock */ = {
			isa = PBXShellScriptBuildPhase;
			buildActionMask = 2147483647;
			files = (
			);
			inputFileListPaths = (
			);
			inputPaths = (
				"${PODS_PODFILE_DIR_PATH}/Podfile.lock",
				"${PODS_ROOT}/Manifest.lock",
			);
			name = "[CP] Check Pods Manifest.lock";
			outputFileListPaths = (
			);
			outputPaths = (
				"$(DERIVED_FILE_DIR)/Pods-AutofillerTests-checkManifestLockResult.txt",
			);
			runOnlyForDeploymentPostprocessing = 0;
			shellPath = /bin/sh;
			shellScript = "diff \"${PODS_PODFILE_DIR_PATH}/Podfile.lock\" \"${PODS_ROOT}/Manifest.lock\" > /dev/null\nif [ $? != 0 ] ; then\n    # print error to STDERR\n    echo \"error: The sandbox is not in sync with the Podfile.lock. Run 'pod install' or update your CocoaPods installation.\" >&2\n    exit 1\nfi\n# This output is used by Xcode 'outputs' to avoid re-running this script phase.\necho \"SUCCESS\" > \"${SCRIPT_OUTPUT_FILE_0}\"\n";
			showEnvVarsInLog = 0;
		};
		F340F4229F5741088FFB0DE9 /* [CP] Embed Pods Frameworks */ = {
			isa = PBXShellScriptBuildPhase;
			buildActionMask = 2147483647;
			files = (
			);
			inputFileListPaths = (
				"${PODS_ROOT}/Target Support Files/Pods-AutofillerTests/Pods-AutofillerTests-frameworks-${CONFIGURATION}-input-files.xcfilelist",
			);
			name = "[CP] Embed Pods Frameworks";
			outputFileListPaths = (
				"${PODS_ROOT}/Target Support Files/Pods-AutofillerTests/Pods-AutofillerTests-frameworks-${CONFIGURATION}-output-files.xcfilelist",
			);
			runOnlyForDeploymentPostprocessing = 0;
			shellPath = /bin/sh;
			shellScript = "\"${PODS_ROOT}/Target Support Files/Pods-AutofillerTests/Pods-AutofillerTests-frameworks.sh\"\n";
			showEnvVarsInLog = 0;
		};
/* End PBXShellScriptBuildPhase section */

/* Begin PBXSourcesBuildPhase section */
		D021C40323A2938C00F59ED0 /* Sources */ = {
			isa = PBXSourcesBuildPhase;
			buildActionMask = 2147483647;
			files = (
				BB88742BE1061A78C280EBC5 /* GenericAutofillerTests.swift in Sources */,
				BB887F3DC1D06F484F58066C /* ImplicitFieldsAutofillerTests.swift in Sources */,
				BB887A714BCF6F3430581011 /* NestedFieldsAutofillerTests.swift in Sources */,
				BB8878220CBE41CD192F9C87 /* NestedFieldsSnapshotTests.swift in Sources */,
				BB887D291ACFDE93B0A65CC9 /* GenericSnapshotTests.swift in Sources */,
				BB887E0D64CF56B2DEFC6318 /* ImplicitFieldsSnapshotTests.swift in Sources */,
			);
			runOnlyForDeploymentPostprocessing = 0;
		};
		D06080992395BFC700643D02 /* Sources */ = {
			isa = PBXSourcesBuildPhase;
			buildActionMask = 2147483647;
			files = (
				D06080B72395C13E00643D02 /* ImplicitFieldsViewController.swift in Sources */,
				D06080B42395C13E00643D02 /* ExampleTableViewCell.swift in Sources */,
				D06080B22395C13E00643D02 /* ExampleListViewController.swift in Sources */,
				D06080B02395C13E00643D02 /* AppDelegate.swift in Sources */,
				D06080B62395C13E00643D02 /* AutofillableViewController.swift in Sources */,
				D06080B12395C13E00643D02 /* BaseViewController.swift in Sources */,
				D06080BB2395C13E00643D02 /* SuccessViewController.swift in Sources */,
				D06080B92395C13E00643D02 /* NestedFieldsViewController.swift in Sources */,
			);
			runOnlyForDeploymentPostprocessing = 0;
		};
		D0DF308E2395C76B0040388E /* Sources */ = {
			isa = PBXSourcesBuildPhase;
			buildActionMask = 2147483647;
			files = (
				D0DF30A02395C7B40040388E /* Autofiller.swift in Sources */,
				BB8871A8654F683495C7FE7A /* Array+Extensions.swift in Sources */,
				BB8876AD70B883C3CE50B920 /* UIView+Extensions.swift in Sources */,
			);
			runOnlyForDeploymentPostprocessing = 0;
		};
/* End PBXSourcesBuildPhase section */

/* Begin PBXTargetDependency section */
		D06E719623A29ACB0060B24E /* PBXTargetDependency */ = {
			isa = PBXTargetDependency;
			target = D060809C2395BFC700643D02 /* AutofillerExamples */;
			targetProxy = D06E719523A29ACB0060B24E /* PBXContainerItemProxy */;
		};
/* End PBXTargetDependency section */

/* Begin XCBuildConfiguration section */
		D021C40F23A2938C00F59ED0 /* Debug */ = {
			isa = XCBuildConfiguration;
			baseConfigurationReference = 593399A5F882BDE76F04913A /* Pods-AutofillerTests.debug.xcconfig */;
			buildSettings = {
				BUNDLE_LOADER = "$(TEST_HOST)";
				CODE_SIGN_STYLE = Automatic;
				DEVELOPMENT_TEAM = 2T7P8BR7NV;
				INFOPLIST_FILE = AutofillerTests/Info.plist;
				LD_RUNPATH_SEARCH_PATHS = (
					"$(inherited)",
					"@executable_path/Frameworks",
					"@loader_path/Frameworks",
				);
				PRODUCT_BUNDLE_IDENTIFIER = com.djachenko.AutofillerTests;
				PRODUCT_NAME = "$(TARGET_NAME)";
				SWIFT_VERSION = 5.0;
				TARGETED_DEVICE_FAMILY = "1,2";
				TEST_HOST = "$(BUILT_PRODUCTS_DIR)/AutofillerExamples.app/AutofillerExamples";
			};
			name = Debug;
		};
		D021C41023A2938C00F59ED0 /* Release */ = {
			isa = XCBuildConfiguration;
			baseConfigurationReference = BD0064BC13CC33EA333753E4 /* Pods-AutofillerTests.release.xcconfig */;
			buildSettings = {
				BUNDLE_LOADER = "$(TEST_HOST)";
				CODE_SIGN_STYLE = Automatic;
				DEVELOPMENT_TEAM = 2T7P8BR7NV;
				INFOPLIST_FILE = AutofillerTests/Info.plist;
				LD_RUNPATH_SEARCH_PATHS = (
					"$(inherited)",
					"@executable_path/Frameworks",
					"@loader_path/Frameworks",
				);
				PRODUCT_BUNDLE_IDENTIFIER = com.djachenko.AutofillerTests;
				PRODUCT_NAME = "$(TARGET_NAME)";
				SWIFT_VERSION = 5.0;
				TARGETED_DEVICE_FAMILY = "1,2";
				TEST_HOST = "$(BUILT_PRODUCTS_DIR)/AutofillerExamples.app/AutofillerExamples";
			};
			name = Release;
		};
		D06080AC2395BFC800643D02 /* Debug */ = {
			isa = XCBuildConfiguration;
			baseConfigurationReference = E1B1C3A8607417CE1C58A50F /* Pods-AutofillerExamples.debug.xcconfig */;
			buildSettings = {
				ASSETCATALOG_COMPILER_APPICON_NAME = AppIcon;
				CODE_SIGN_ENTITLEMENTS = AutofillerExamples/AutofillerExamples.entitlements;
				CODE_SIGN_IDENTITY = "iPhone Developer";
				CODE_SIGN_STYLE = Automatic;
				DEVELOPMENT_TEAM = R97L8Z3A9J;
				INFOPLIST_FILE = AutofillerExamples/Info.plist;
				LD_RUNPATH_SEARCH_PATHS = (
					"$(inherited)",
					"@executable_path/Frameworks",
				);
				PRODUCT_BUNDLE_IDENTIFIER = com.idjachenko.AutofillerExamples;
				PRODUCT_NAME = "$(TARGET_NAME)";
				PROVISIONING_PROFILE_SPECIFIER = "";
				SWIFT_VERSION = 5.0;
				TARGETED_DEVICE_FAMILY = "1,2";
			};
			name = Debug;
		};
		D06080AD2395BFC800643D02 /* Release */ = {
			isa = XCBuildConfiguration;
			baseConfigurationReference = CDEF64BB71BA2664E76C50CC /* Pods-AutofillerExamples.release.xcconfig */;
			buildSettings = {
				ASSETCATALOG_COMPILER_APPICON_NAME = AppIcon;
				CODE_SIGN_ENTITLEMENTS = AutofillerExamples/AutofillerExamples.entitlements;
				CODE_SIGN_IDENTITY = "iPhone Developer";
				CODE_SIGN_STYLE = Automatic;
				DEVELOPMENT_TEAM = R97L8Z3A9J;
				ENABLE_TESTABILITY = YES;
				INFOPLIST_FILE = AutofillerExamples/Info.plist;
				LD_RUNPATH_SEARCH_PATHS = (
					"$(inherited)",
					"@executable_path/Frameworks",
				);
				PRODUCT_BUNDLE_IDENTIFIER = com.idjachenko.AutofillerExamples;
				PRODUCT_NAME = "$(TARGET_NAME)";
				PROVISIONING_PROFILE_SPECIFIER = "";
				SWIFT_VERSION = 5.0;
				TARGETED_DEVICE_FAMILY = "1,2";
			};
			name = Release;
		};
		D0D53C64238C390C008A7137 /* Debug */ = {
			isa = XCBuildConfiguration;
			buildSettings = {
				ALWAYS_SEARCH_USER_PATHS = NO;
				CLANG_ANALYZER_NONNULL = YES;
				CLANG_ANALYZER_NUMBER_OBJECT_CONVERSION = YES_AGGRESSIVE;
				CLANG_CXX_LANGUAGE_STANDARD = "gnu++14";
				CLANG_CXX_LIBRARY = "libc++";
				CLANG_ENABLE_MODULES = YES;
				CLANG_ENABLE_OBJC_ARC = YES;
				CLANG_ENABLE_OBJC_WEAK = YES;
				CLANG_WARN_BLOCK_CAPTURE_AUTORELEASING = YES;
				CLANG_WARN_BOOL_CONVERSION = YES;
				CLANG_WARN_COMMA = YES;
				CLANG_WARN_CONSTANT_CONVERSION = YES;
				CLANG_WARN_DEPRECATED_OBJC_IMPLEMENTATIONS = YES;
				CLANG_WARN_DIRECT_OBJC_ISA_USAGE = YES_ERROR;
				CLANG_WARN_DOCUMENTATION_COMMENTS = YES;
				CLANG_WARN_EMPTY_BODY = YES;
				CLANG_WARN_ENUM_CONVERSION = YES;
				CLANG_WARN_INFINITE_RECURSION = YES;
				CLANG_WARN_INT_CONVERSION = YES;
				CLANG_WARN_NON_LITERAL_NULL_CONVERSION = YES;
				CLANG_WARN_OBJC_IMPLICIT_RETAIN_SELF = YES;
				CLANG_WARN_OBJC_LITERAL_CONVERSION = YES;
				CLANG_WARN_OBJC_ROOT_CLASS = YES_ERROR;
				CLANG_WARN_RANGE_LOOP_ANALYSIS = YES;
				CLANG_WARN_STRICT_PROTOTYPES = YES;
				CLANG_WARN_SUSPICIOUS_MOVE = YES;
				CLANG_WARN_UNGUARDED_AVAILABILITY = YES_AGGRESSIVE;
				CLANG_WARN_UNREACHABLE_CODE = YES;
				CLANG_WARN__DUPLICATE_METHOD_MATCH = YES;
				CODE_SIGN_IDENTITY = "iPhone Developer";
				COPY_PHASE_STRIP = NO;
				DEBUG_INFORMATION_FORMAT = dwarf;
				ENABLE_STRICT_OBJC_MSGSEND = YES;
				ENABLE_TESTABILITY = YES;
				GCC_C_LANGUAGE_STANDARD = gnu11;
				GCC_DYNAMIC_NO_PIC = NO;
				GCC_NO_COMMON_BLOCKS = YES;
				GCC_OPTIMIZATION_LEVEL = 0;
				GCC_PREPROCESSOR_DEFINITIONS = (
					"DEBUG=1",
					"$(inherited)",
				);
				GCC_WARN_64_TO_32_BIT_CONVERSION = YES;
				GCC_WARN_ABOUT_RETURN_TYPE = YES_ERROR;
				GCC_WARN_UNDECLARED_SELECTOR = YES;
				GCC_WARN_UNINITIALIZED_AUTOS = YES_AGGRESSIVE;
				GCC_WARN_UNUSED_FUNCTION = YES;
				GCC_WARN_UNUSED_VARIABLE = YES;
				IPHONEOS_DEPLOYMENT_TARGET = 11.0;
				MTL_ENABLE_DEBUG_INFO = INCLUDE_SOURCE;
				MTL_FAST_MATH = YES;
				ONLY_ACTIVE_ARCH = YES;
				SDKROOT = iphoneos;
				SWIFT_ACTIVE_COMPILATION_CONDITIONS = DEBUG;
				SWIFT_OPTIMIZATION_LEVEL = "-Onone";
			};
			name = Debug;
		};
		D0D53C65238C390C008A7137 /* Release */ = {
			isa = XCBuildConfiguration;
			buildSettings = {
				ALWAYS_SEARCH_USER_PATHS = NO;
				CLANG_ANALYZER_NONNULL = YES;
				CLANG_ANALYZER_NUMBER_OBJECT_CONVERSION = YES_AGGRESSIVE;
				CLANG_CXX_LANGUAGE_STANDARD = "gnu++14";
				CLANG_CXX_LIBRARY = "libc++";
				CLANG_ENABLE_MODULES = YES;
				CLANG_ENABLE_OBJC_ARC = YES;
				CLANG_ENABLE_OBJC_WEAK = YES;
				CLANG_WARN_BLOCK_CAPTURE_AUTORELEASING = YES;
				CLANG_WARN_BOOL_CONVERSION = YES;
				CLANG_WARN_COMMA = YES;
				CLANG_WARN_CONSTANT_CONVERSION = YES;
				CLANG_WARN_DEPRECATED_OBJC_IMPLEMENTATIONS = YES;
				CLANG_WARN_DIRECT_OBJC_ISA_USAGE = YES_ERROR;
				CLANG_WARN_DOCUMENTATION_COMMENTS = YES;
				CLANG_WARN_EMPTY_BODY = YES;
				CLANG_WARN_ENUM_CONVERSION = YES;
				CLANG_WARN_INFINITE_RECURSION = YES;
				CLANG_WARN_INT_CONVERSION = YES;
				CLANG_WARN_NON_LITERAL_NULL_CONVERSION = YES;
				CLANG_WARN_OBJC_IMPLICIT_RETAIN_SELF = YES;
				CLANG_WARN_OBJC_LITERAL_CONVERSION = YES;
				CLANG_WARN_OBJC_ROOT_CLASS = YES_ERROR;
				CLANG_WARN_RANGE_LOOP_ANALYSIS = YES;
				CLANG_WARN_STRICT_PROTOTYPES = YES;
				CLANG_WARN_SUSPICIOUS_MOVE = YES;
				CLANG_WARN_UNGUARDED_AVAILABILITY = YES_AGGRESSIVE;
				CLANG_WARN_UNREACHABLE_CODE = YES;
				CLANG_WARN__DUPLICATE_METHOD_MATCH = YES;
				CODE_SIGN_IDENTITY = "iPhone Developer";
				COPY_PHASE_STRIP = NO;
				DEBUG_INFORMATION_FORMAT = "dwarf-with-dsym";
				ENABLE_NS_ASSERTIONS = NO;
				ENABLE_STRICT_OBJC_MSGSEND = YES;
				GCC_C_LANGUAGE_STANDARD = gnu11;
				GCC_NO_COMMON_BLOCKS = YES;
				GCC_WARN_64_TO_32_BIT_CONVERSION = YES;
				GCC_WARN_ABOUT_RETURN_TYPE = YES_ERROR;
				GCC_WARN_UNDECLARED_SELECTOR = YES;
				GCC_WARN_UNINITIALIZED_AUTOS = YES_AGGRESSIVE;
				GCC_WARN_UNUSED_FUNCTION = YES;
				GCC_WARN_UNUSED_VARIABLE = YES;
				IPHONEOS_DEPLOYMENT_TARGET = 11.0;
				MTL_ENABLE_DEBUG_INFO = NO;
				MTL_FAST_MATH = YES;
				SDKROOT = iphoneos;
				SWIFT_COMPILATION_MODE = wholemodule;
				SWIFT_OPTIMIZATION_LEVEL = "-O";
				VALIDATE_PRODUCT = YES;
			};
			name = Release;
		};
		D0DF309C2395C76B0040388E /* Debug */ = {
			isa = XCBuildConfiguration;
			buildSettings = {
				CLANG_ENABLE_MODULES = YES;
				CODE_SIGN_IDENTITY = "";
				CODE_SIGN_STYLE = Automatic;
				CURRENT_PROJECT_VERSION = 1;
				DEFINES_MODULE = YES;
				DEVELOPMENT_TEAM = 2T7P8BR7NV;
				DYLIB_COMPATIBILITY_VERSION = 1;
				DYLIB_CURRENT_VERSION = 1;
				DYLIB_INSTALL_NAME_BASE = "@rpath";
				INFOPLIST_FILE = Autofiller/Info.plist;
				INSTALL_PATH = "$(LOCAL_LIBRARY_DIR)/Frameworks";
				LD_RUNPATH_SEARCH_PATHS = (
					"$(inherited)",
					"@executable_path/Frameworks",
					"@loader_path/Frameworks",
				);
				PRODUCT_BUNDLE_IDENTIFIER = com.djachenko.Autofiller;
				PRODUCT_NAME = "$(TARGET_NAME:c99extidentifier)";
				SKIP_INSTALL = YES;
				SWIFT_OPTIMIZATION_LEVEL = "-Onone";
				SWIFT_VERSION = 5.0;
				TARGETED_DEVICE_FAMILY = "1,2";
				VERSIONING_SYSTEM = "apple-generic";
				VERSION_INFO_PREFIX = "";
			};
			name = Debug;
		};
		D0DF309D2395C76B0040388E /* Release */ = {
			isa = XCBuildConfiguration;
			buildSettings = {
				CLANG_ENABLE_MODULES = YES;
				CODE_SIGN_IDENTITY = "";
				CODE_SIGN_STYLE = Automatic;
				CURRENT_PROJECT_VERSION = 1;
				DEFINES_MODULE = YES;
				DEVELOPMENT_TEAM = 2T7P8BR7NV;
				DYLIB_COMPATIBILITY_VERSION = 1;
				DYLIB_CURRENT_VERSION = 1;
				DYLIB_INSTALL_NAME_BASE = "@rpath";
				ENABLE_TESTABILITY = NO;
				INFOPLIST_FILE = Autofiller/Info.plist;
				INSTALL_PATH = "$(LOCAL_LIBRARY_DIR)/Frameworks";
				LD_RUNPATH_SEARCH_PATHS = (
					"$(inherited)",
					"@executable_path/Frameworks",
					"@loader_path/Frameworks",
				);
				PRODUCT_BUNDLE_IDENTIFIER = com.djachenko.Autofiller;
				PRODUCT_NAME = "$(TARGET_NAME:c99extidentifier)";
				SKIP_INSTALL = YES;
				SWIFT_VERSION = 5.0;
				TARGETED_DEVICE_FAMILY = "1,2";
				VERSIONING_SYSTEM = "apple-generic";
				VERSION_INFO_PREFIX = "";
			};
			name = Release;
		};
/* End XCBuildConfiguration section */

/* Begin XCConfigurationList section */
		D021C41123A2938C00F59ED0 /* Build configuration list for PBXNativeTarget "AutofillerTests" */ = {
			isa = XCConfigurationList;
			buildConfigurations = (
				D021C40F23A2938C00F59ED0 /* Debug */,
				D021C41023A2938C00F59ED0 /* Release */,
			);
			defaultConfigurationIsVisible = 0;
			defaultConfigurationName = Release;
		};
		D06080AE2395BFC800643D02 /* Build configuration list for PBXNativeTarget "AutofillerExamples" */ = {
			isa = XCConfigurationList;
			buildConfigurations = (
				D06080AC2395BFC800643D02 /* Debug */,
				D06080AD2395BFC800643D02 /* Release */,
			);
			defaultConfigurationIsVisible = 0;
			defaultConfigurationName = Release;
		};
		D0D53C4F238C390A008A7137 /* Build configuration list for PBXProject "Autofiller" */ = {
			isa = XCConfigurationList;
			buildConfigurations = (
				D0D53C64238C390C008A7137 /* Debug */,
				D0D53C65238C390C008A7137 /* Release */,
			);
			defaultConfigurationIsVisible = 0;
			defaultConfigurationName = Release;
		};
		D0DF309B2395C76B0040388E /* Build configuration list for PBXNativeTarget "Autofiller" */ = {
			isa = XCConfigurationList;
			buildConfigurations = (
				D0DF309C2395C76B0040388E /* Debug */,
				D0DF309D2395C76B0040388E /* Release */,
			);
			defaultConfigurationIsVisible = 0;
			defaultConfigurationName = Release;
		};
/* End XCConfigurationList section */
	};
	rootObject = D0D53C4C238C390A008A7137 /* Project object */;
}
