// !$*UTF8*$!
{
	archiveVersion = 1;
	classes = {
	};
	objectVersion = 51;
	objects = {

/* Begin PBXBuildFile section */
		BB8870AB7DE0AD3F57661E5C /* TableFormButtonCell.xib in Resources */ = {isa = PBXBuildFile; fileRef = BB887A56CC3FBCF7A49C12F4 /* TableFormButtonCell.xib */; };
		BB8870B467D1D6CEC728C5F7 /* GenericSignInViewControllerTests.swift in Sources */ = {isa = PBXBuildFile; fileRef = BB887CA328E5A9E627CB1C56 /* GenericSignInViewControllerTests.swift */; };
		BB887150E763F998A26D2597 /* ImplicitFieldsSignUpViewController.swift in Sources */ = {isa = PBXBuildFile; fileRef = BB887AD18785098EA2F6069B /* ImplicitFieldsSignUpViewController.swift */; };
		BB887158B4AE4DDA28BB8B2B /* TableFormFieldCell.xib in Resources */ = {isa = PBXBuildFile; fileRef = BB8878BD1AE0F99B925B5D3F /* TableFormFieldCell.xib */; };
		BB8871934A24E863B6323D22 /* SignUpAutofillViewController.swift in Sources */ = {isa = PBXBuildFile; fileRef = BB887D3FEE17DDEE6B0A0392 /* SignUpAutofillViewController.swift */; };
		BB88719C7CC8D02A2A4F2DEB /* ImplicitFieldsSignInSnapshotTests.swift in Sources */ = {isa = PBXBuildFile; fileRef = BB8870BBB680BC664CBB50C5 /* ImplicitFieldsSignInSnapshotTests.swift */; };
		BB8871A8654F683495C7FE7A /* Array+Extensions.swift in Sources */ = {isa = PBXBuildFile; fileRef = BB887297D321420763E1146F /* Array+Extensions.swift */; };
		BB88720B81BB7A893B49835C /* AutofillerError.swift in Sources */ = {isa = PBXBuildFile; fileRef = BB887CB74D6DBCE8C49F9396 /* AutofillerError.swift */; };
		BB887245367C33B8383A12DB /* TableFormButtonCell.swift in Sources */ = {isa = PBXBuildFile; fileRef = BB8876CE616A33AF6B7D9D6B /* TableFormButtonCell.swift */; };
		BB8872698CA2A4886C69BCC0 /* ImplicitFieldsSignInViewController.swift in Sources */ = {isa = PBXBuildFile; fileRef = BB887DD332DF84862485F389 /* ImplicitFieldsSignInViewController.swift */; };
		BB88732E168A0951B5E41AB0 /* LaunchScreen.storyboard in Resources */ = {isa = PBXBuildFile; fileRef = BB8878673CEE4520952F2BA9 /* LaunchScreen.storyboard */; };
		BB8873E7E5C3C900E99B709E /* GenericSignUpViewControllerTests.swift in Sources */ = {isa = PBXBuildFile; fileRef = BB8875109FCC6F52D756A679 /* GenericSignUpViewControllerTests.swift */; };
		BB8874417D2CA0ACA2E65E21 /* TableFormFieldCell.swift in Sources */ = {isa = PBXBuildFile; fileRef = BB887715520E7AC3F6907149 /* TableFormFieldCell.swift */; };
		BB88744C490E573370C68870 /* NestedFieldsSignUpViewController.swift in Sources */ = {isa = PBXBuildFile; fileRef = BB8872BB29BF50E419A4043E /* NestedFieldsSignUpViewController.swift */; };
		BB8875AA84EF8BD0140A628A /* ImplicitFieldsSignInViewController.swift in Sources */ = {isa = PBXBuildFile; fileRef = BB887A3AE1F850415F792E8B /* ImplicitFieldsSignInViewController.swift */; };
		BB8875FF4A23115013EDEC12 /* TableFormSignUpViewController.xib in Resources */ = {isa = PBXBuildFile; fileRef = BB88711ACF7C354C3C704F52 /* TableFormSignUpViewController.xib */; };
		BB88763425A37FD71A973EFE /* TableFormSignUpViewController.swift in Sources */ = {isa = PBXBuildFile; fileRef = BB887F24745C3824350E7F37 /* TableFormSignUpViewController.swift */; };
		BB88768DA998B499B1E6D636 /* TableFormSignInViewController.xib in Resources */ = {isa = PBXBuildFile; fileRef = BB887A273971B39A7BA0FFE6 /* TableFormSignInViewController.xib */; };
		BB8876AD70B883C3CE50B920 /* UIView+Extensions.swift in Sources */ = {isa = PBXBuildFile; fileRef = BB887FB64E0696BEA98685DB /* UIView+Extensions.swift */; };
		BB8876B12A4139E94245F959 /* AutofillerErrorTests.swift in Sources */ = {isa = PBXBuildFile; fileRef = BB887F587B128C035A596943 /* AutofillerErrorTests.swift */; };
		BB8877B3A8DED20506CF9A95 /* NestedFieldsSignInSnapshotTests.swift in Sources */ = {isa = PBXBuildFile; fileRef = BB887B8DD37EF86BFC802D0A /* NestedFieldsSignInSnapshotTests.swift */; };
		BB8877D889C41E17CFAF1B55 /* ImplicitFieldsSignUpSnapshotTests.swift in Sources */ = {isa = PBXBuildFile; fileRef = BB887440B7E1BAE3DEC5C019 /* ImplicitFieldsSignUpSnapshotTests.swift */; };
		BB8878B102496C9758C000EB /* ImplicitFieldsSignUpViewControllerTests.swift in Sources */ = {isa = PBXBuildFile; fileRef = BB887E7C0BD55EDD08AF1B1C /* ImplicitFieldsSignUpViewControllerTests.swift */; };
		BB8878E66755D9405F92580A /* NestedFieldsSignUpViewController.xib in Resources */ = {isa = PBXBuildFile; fileRef = BB88725DED0AE48271C24CD3 /* NestedFieldsSignUpViewController.xib */; };
		BB88797D06F359DAC01A0C3D /* TableFormSignInViewController.swift in Sources */ = {isa = PBXBuildFile; fileRef = BB8870F72CC5E67CE53E2411 /* TableFormSignInViewController.swift */; };
		BB887AE72A491133D21DFA29 /* NestedFieldsSignInViewController.swift in Sources */ = {isa = PBXBuildFile; fileRef = BB887A403E5ACE1348372488 /* NestedFieldsSignInViewController.swift */; };
		BB887B3FC6609D937A1FD780 /* GenericTests.swift in Sources */ = {isa = PBXBuildFile; fileRef = BB887001FDFCC33EFFA96AFC /* GenericTests.swift */; };
		BB887B99A1F4A8C9A59189AF /* NestedFieldsSignUpSnapshotTests.swift in Sources */ = {isa = PBXBuildFile; fileRef = BB887964AFF55DF67798D6CF /* NestedFieldsSignUpSnapshotTests.swift */; };
		BB887C290D244EDE7E0E570C /* NestedFieldsSignUpViewControllerTests.swift in Sources */ = {isa = PBXBuildFile; fileRef = BB88771740687A4E12DB11F0 /* NestedFieldsSignUpViewControllerTests.swift */; };
		BB887C3AC8F4142502B1DD18 /* NestedFieldsSignInViewController.xib in Resources */ = {isa = PBXBuildFile; fileRef = BB887F32D51368D1C33F2B30 /* NestedFieldsSignInViewController.xib */; };
		BB887D0E154C4CF1A3E4FCAF /* ImplicitFieldsSignUpViewController.xib in Resources */ = {isa = PBXBuildFile; fileRef = BB887EEDFF1F045B0842C8E9 /* ImplicitFieldsSignUpViewController.xib */; };
		BB887EC0551FD39CFF2E44C9 /* NestedFieldsSignInViewController.swift in Sources */ = {isa = PBXBuildFile; fileRef = BB88774C77313EEC1C5AB22C /* NestedFieldsSignInViewController.swift */; };
		BB887F7290E7E97BC4D0D1A5 /* SignInAutofillViewController.swift in Sources */ = {isa = PBXBuildFile; fileRef = BB887202AF2CE33F715AC048 /* SignInAutofillViewController.swift */; };
		BB887FA3E391877B541AA314 /* ImplicitFieldsSignInViewController.xib in Resources */ = {isa = PBXBuildFile; fileRef = BB887EC7C2B7D17A7294380D /* ImplicitFieldsSignInViewController.xib */; };
		BB887FFFE4DF0B55CCF2AA83 /* GenericSnapshotTests.swift in Sources */ = {isa = PBXBuildFile; fileRef = BB8876E13756A3FFC46FD002 /* GenericSnapshotTests.swift */; };
		D06080B02395C13E00643D02 /* AppDelegate.swift in Sources */ = {isa = PBXBuildFile; fileRef = D0D53C57238C390A008A7137 /* AppDelegate.swift */; };
		D06080B12395C13E00643D02 /* BaseViewController.swift in Sources */ = {isa = PBXBuildFile; fileRef = BB887004D7BCACEA8CEFD20B /* BaseViewController.swift */; };
		D06080B22395C13E00643D02 /* ExampleListViewController.swift in Sources */ = {isa = PBXBuildFile; fileRef = BB8878AD6FD6289E05B5B766 /* ExampleListViewController.swift */; };
		D06080B32395C13E00643D02 /* ExampleListViewController.xib in Resources */ = {isa = PBXBuildFile; fileRef = BB8877DF25541B9E9C82FAFC /* ExampleListViewController.xib */; };
		D06080B42395C13E00643D02 /* ExampleTableViewCell.swift in Sources */ = {isa = PBXBuildFile; fileRef = BB887FBA3A96224D3002747C /* ExampleTableViewCell.swift */; };
		D06080B52395C13E00643D02 /* ExampleTableViewCell.xib in Resources */ = {isa = PBXBuildFile; fileRef = BB887BCAF7F4B45BB2C115D9 /* ExampleTableViewCell.xib */; };
		D06080B62395C13E00643D02 /* AutofillableViewController.swift in Sources */ = {isa = PBXBuildFile; fileRef = BB8877D3FD09819CA53A1610 /* AutofillableViewController.swift */; };
		D06080BB2395C13E00643D02 /* SuccessViewController.swift in Sources */ = {isa = PBXBuildFile; fileRef = BB88782A5F01B98038A17615 /* SuccessViewController.swift */; };
		D06080BC2395C13E00643D02 /* SuccessViewController.xib in Resources */ = {isa = PBXBuildFile; fileRef = BB88786F523A9516A81B6E10 /* SuccessViewController.xib */; };
		D07DD2C22396B974007D6FD0 /* Images.xcassets in Resources */ = {isa = PBXBuildFile; fileRef = D0D53C5E238C390C008A7137 /* Images.xcassets */; };
		D0DF30962395C76B0040388E /* Autofiller.h in Headers */ = {isa = PBXBuildFile; fileRef = D0DF30942395C76B0040388E /* Autofiller.h */; settings = {ATTRIBUTES = (Public, ); }; };
		D0DF30A02395C7B40040388E /* Autofiller.swift in Sources */ = {isa = PBXBuildFile; fileRef = D0DF309E2395C7B40040388E /* Autofiller.swift */; };
		D8EB26394A8D874DF266E651 /* Pods_AutofillerExamples.framework in Frameworks */ = {isa = PBXBuildFile; fileRef = 498614DD4CBB79EB72779AE1 /* Pods_AutofillerExamples.framework */; };
		DB9FEC69FBAB49209810975B /* Pods_AutofillerTests.framework in Frameworks */ = {isa = PBXBuildFile; fileRef = 1DF07A33E7AE7B5124F80790 /* Pods_AutofillerTests.framework */; };
/* End PBXBuildFile section */

/* Begin PBXContainerItemProxy section */
		D06E719523A29ACB0060B24E /* PBXContainerItemProxy */ = {
			isa = PBXContainerItemProxy;
			containerPortal = D0D53C4C238C390A008A7137 /* Project object */;
			proxyType = 1;
			remoteGlobalIDString = D060809C2395BFC700643D02;
			remoteInfo = AutofillerExamples;
		};
/* End PBXContainerItemProxy section */

/* Begin PBXCopyFilesBuildPhase section */
		D06080D12395C39000643D02 /* Embed Frameworks */ = {
			isa = PBXCopyFilesBuildPhase;
			buildActionMask = 2147483647;
			dstPath = "";
			dstSubfolderSpec = 10;
			files = (
			);
			name = "Embed Frameworks";
			runOnlyForDeploymentPostprocessing = 0;
		};
/* End PBXCopyFilesBuildPhase section */

/* Begin PBXFileReference section */
		1DF07A33E7AE7B5124F80790 /* Pods_AutofillerTests.framework */ = {isa = PBXFileReference; explicitFileType = wrapper.framework; includeInIndex = 0; path = Pods_AutofillerTests.framework; sourceTree = BUILT_PRODUCTS_DIR; };
		498614DD4CBB79EB72779AE1 /* Pods_AutofillerExamples.framework */ = {isa = PBXFileReference; explicitFileType = wrapper.framework; includeInIndex = 0; path = Pods_AutofillerExamples.framework; sourceTree = BUILT_PRODUCTS_DIR; };
		68441B90D2A55B63C558CEC8 /* Pods-AutofillerExamples.debug.xcconfig */ = {isa = PBXFileReference; includeInIndex = 1; lastKnownFileType = text.xcconfig; name = "Pods-AutofillerExamples.debug.xcconfig"; path = "Target Support Files/Pods-AutofillerExamples/Pods-AutofillerExamples.debug.xcconfig"; sourceTree = "<group>"; };
		B03071A8542D82E7BF30660E /* Pods-AutofillerExamples.release.xcconfig */ = {isa = PBXFileReference; includeInIndex = 1; lastKnownFileType = text.xcconfig; name = "Pods-AutofillerExamples.release.xcconfig"; path = "Target Support Files/Pods-AutofillerExamples/Pods-AutofillerExamples.release.xcconfig"; sourceTree = "<group>"; };
		BB8870001E84D001D36EC5D2 /* .travis.yml */ = {isa = PBXFileReference; lastKnownFileType = file.yml; path = .travis.yml; sourceTree = "<group>"; };
		BB887001FDFCC33EFFA96AFC /* GenericTests.swift */ = {isa = PBXFileReference; fileEncoding = 4; lastKnownFileType = sourcecode.swift; path = GenericTests.swift; sourceTree = "<group>"; };
		BB887004D7BCACEA8CEFD20B /* BaseViewController.swift */ = {isa = PBXFileReference; fileEncoding = 4; lastKnownFileType = sourcecode.swift; path = BaseViewController.swift; sourceTree = "<group>"; };
		BB8870748A382E670C3AF8AB /* LICENSE.txt */ = {isa = PBXFileReference; fileEncoding = 4; lastKnownFileType = text; path = LICENSE.txt; sourceTree = "<group>"; };
		BB8870BBB680BC664CBB50C5 /* ImplicitFieldsSignInSnapshotTests.swift */ = {isa = PBXFileReference; fileEncoding = 4; lastKnownFileType = sourcecode.swift; path = ImplicitFieldsSignInSnapshotTests.swift; sourceTree = "<group>"; };
		BB8870F72CC5E67CE53E2411 /* TableFormSignInViewController.swift */ = {isa = PBXFileReference; fileEncoding = 4; lastKnownFileType = sourcecode.swift; path = TableFormSignInViewController.swift; sourceTree = "<group>"; };
		BB88711ACF7C354C3C704F52 /* TableFormSignUpViewController.xib */ = {isa = PBXFileReference; lastKnownFileType = file.xib; path = TableFormSignUpViewController.xib; sourceTree = "<group>"; };
		BB887202AF2CE33F715AC048 /* SignInAutofillViewController.swift */ = {isa = PBXFileReference; fileEncoding = 4; lastKnownFileType = sourcecode.swift; path = SignInAutofillViewController.swift; sourceTree = "<group>"; };
		BB88725DED0AE48271C24CD3 /* NestedFieldsSignUpViewController.xib */ = {isa = PBXFileReference; lastKnownFileType = file.xib; path = NestedFieldsSignUpViewController.xib; sourceTree = "<group>"; };
		BB887297D321420763E1146F /* Array+Extensions.swift */ = {isa = PBXFileReference; fileEncoding = 4; lastKnownFileType = sourcecode.swift; path = "Array+Extensions.swift"; sourceTree = "<group>"; };
		BB8872BB29BF50E419A4043E /* NestedFieldsSignUpViewController.swift */ = {isa = PBXFileReference; fileEncoding = 4; lastKnownFileType = sourcecode.swift; path = NestedFieldsSignUpViewController.swift; sourceTree = "<group>"; };
		BB887440B7E1BAE3DEC5C019 /* ImplicitFieldsSignUpSnapshotTests.swift */ = {isa = PBXFileReference; fileEncoding = 4; lastKnownFileType = sourcecode.swift; path = ImplicitFieldsSignUpSnapshotTests.swift; sourceTree = "<group>"; };
		BB8875109FCC6F52D756A679 /* GenericSignUpViewControllerTests.swift */ = {isa = PBXFileReference; fileEncoding = 4; lastKnownFileType = sourcecode.swift; path = GenericSignUpViewControllerTests.swift; sourceTree = "<group>"; };
		BB8876CE616A33AF6B7D9D6B /* TableFormButtonCell.swift */ = {isa = PBXFileReference; fileEncoding = 4; lastKnownFileType = sourcecode.swift; path = TableFormButtonCell.swift; sourceTree = "<group>"; };
		BB8876E13756A3FFC46FD002 /* GenericSnapshotTests.swift */ = {isa = PBXFileReference; fileEncoding = 4; lastKnownFileType = sourcecode.swift; path = GenericSnapshotTests.swift; sourceTree = "<group>"; };
		BB887715520E7AC3F6907149 /* TableFormFieldCell.swift */ = {isa = PBXFileReference; fileEncoding = 4; lastKnownFileType = sourcecode.swift; path = TableFormFieldCell.swift; sourceTree = "<group>"; };
		BB88771740687A4E12DB11F0 /* NestedFieldsSignUpViewControllerTests.swift */ = {isa = PBXFileReference; fileEncoding = 4; lastKnownFileType = sourcecode.swift; path = NestedFieldsSignUpViewControllerTests.swift; sourceTree = "<group>"; };
		BB88774C77313EEC1C5AB22C /* NestedFieldsSignInViewController.swift */ = {isa = PBXFileReference; fileEncoding = 4; lastKnownFileType = sourcecode.swift; path = NestedFieldsSignInViewController.swift; sourceTree = "<group>"; };
		BB8877D3FD09819CA53A1610 /* AutofillableViewController.swift */ = {isa = PBXFileReference; fileEncoding = 4; lastKnownFileType = sourcecode.swift; path = AutofillableViewController.swift; sourceTree = "<group>"; };
		BB8877DF25541B9E9C82FAFC /* ExampleListViewController.xib */ = {isa = PBXFileReference; lastKnownFileType = file.xib; path = ExampleListViewController.xib; sourceTree = "<group>"; };
		BB88782A5F01B98038A17615 /* SuccessViewController.swift */ = {isa = PBXFileReference; fileEncoding = 4; lastKnownFileType = sourcecode.swift; path = SuccessViewController.swift; sourceTree = "<group>"; };
		BB8878673CEE4520952F2BA9 /* LaunchScreen.storyboard */ = {isa = PBXFileReference; lastKnownFileType = file.storyboard; path = LaunchScreen.storyboard; sourceTree = "<group>"; };
		BB88786F523A9516A81B6E10 /* SuccessViewController.xib */ = {isa = PBXFileReference; lastKnownFileType = file.xib; path = SuccessViewController.xib; sourceTree = "<group>"; };
		BB8878AD6FD6289E05B5B766 /* ExampleListViewController.swift */ = {isa = PBXFileReference; fileEncoding = 4; lastKnownFileType = sourcecode.swift; path = ExampleListViewController.swift; sourceTree = "<group>"; };
		BB8878BD1AE0F99B925B5D3F /* TableFormFieldCell.xib */ = {isa = PBXFileReference; lastKnownFileType = file.xib; path = TableFormFieldCell.xib; sourceTree = "<group>"; };
		BB887964AFF55DF67798D6CF /* NestedFieldsSignUpSnapshotTests.swift */ = {isa = PBXFileReference; fileEncoding = 4; lastKnownFileType = sourcecode.swift; path = NestedFieldsSignUpSnapshotTests.swift; sourceTree = "<group>"; };
		BB887A273971B39A7BA0FFE6 /* TableFormSignInViewController.xib */ = {isa = PBXFileReference; lastKnownFileType = file.xib; path = TableFormSignInViewController.xib; sourceTree = "<group>"; };
		BB887A3AE1F850415F792E8B /* ImplicitFieldsSignInViewController.swift */ = {isa = PBXFileReference; fileEncoding = 4; lastKnownFileType = sourcecode.swift; path = ImplicitFieldsSignInViewController.swift; sourceTree = "<group>"; };
		BB887A403E5ACE1348372488 /* NestedFieldsSignInViewController.swift */ = {isa = PBXFileReference; fileEncoding = 4; lastKnownFileType = sourcecode.swift; path = NestedFieldsSignInViewController.swift; sourceTree = "<group>"; };
		BB887A56CC3FBCF7A49C12F4 /* TableFormButtonCell.xib */ = {isa = PBXFileReference; lastKnownFileType = file.xib; path = TableFormButtonCell.xib; sourceTree = "<group>"; };
		BB887AD18785098EA2F6069B /* ImplicitFieldsSignUpViewController.swift */ = {isa = PBXFileReference; fileEncoding = 4; lastKnownFileType = sourcecode.swift; path = ImplicitFieldsSignUpViewController.swift; sourceTree = "<group>"; };
		BB887B8DD37EF86BFC802D0A /* NestedFieldsSignInSnapshotTests.swift */ = {isa = PBXFileReference; fileEncoding = 4; lastKnownFileType = sourcecode.swift; path = NestedFieldsSignInSnapshotTests.swift; sourceTree = "<group>"; };
		BB887BCAF7F4B45BB2C115D9 /* ExampleTableViewCell.xib */ = {isa = PBXFileReference; lastKnownFileType = file.xib; path = ExampleTableViewCell.xib; sourceTree = "<group>"; };
		BB887BCD836EFB0C867C361F /* Autofiller.podspec */ = {isa = PBXFileReference; lastKnownFileType = file.podspec; path = Autofiller.podspec; sourceTree = "<group>"; };
		BB887CA328E5A9E627CB1C56 /* GenericSignInViewControllerTests.swift */ = {isa = PBXFileReference; fileEncoding = 4; lastKnownFileType = sourcecode.swift; path = GenericSignInViewControllerTests.swift; sourceTree = "<group>"; };
		BB887CB74D6DBCE8C49F9396 /* AutofillerError.swift */ = {isa = PBXFileReference; fileEncoding = 4; lastKnownFileType = sourcecode.swift; path = AutofillerError.swift; sourceTree = "<group>"; };
		BB887CE791322F583084937A /* Podfile */ = {isa = PBXFileReference; fileEncoding = 4; lastKnownFileType = text; path = Podfile; sourceTree = "<group>"; };
		BB887D3FEE17DDEE6B0A0392 /* SignUpAutofillViewController.swift */ = {isa = PBXFileReference; fileEncoding = 4; lastKnownFileType = sourcecode.swift; path = SignUpAutofillViewController.swift; sourceTree = "<group>"; };
		BB887DD332DF84862485F389 /* ImplicitFieldsSignInViewController.swift */ = {isa = PBXFileReference; fileEncoding = 4; lastKnownFileType = sourcecode.swift; path = ImplicitFieldsSignInViewController.swift; sourceTree = "<group>"; };
		BB887E7C0BD55EDD08AF1B1C /* ImplicitFieldsSignUpViewControllerTests.swift */ = {isa = PBXFileReference; fileEncoding = 4; lastKnownFileType = sourcecode.swift; path = ImplicitFieldsSignUpViewControllerTests.swift; sourceTree = "<group>"; };
		BB887EC7C2B7D17A7294380D /* ImplicitFieldsSignInViewController.xib */ = {isa = PBXFileReference; lastKnownFileType = file.xib; path = ImplicitFieldsSignInViewController.xib; sourceTree = "<group>"; };
		BB887EEDFF1F045B0842C8E9 /* ImplicitFieldsSignUpViewController.xib */ = {isa = PBXFileReference; lastKnownFileType = file.xib; path = ImplicitFieldsSignUpViewController.xib; sourceTree = "<group>"; };
		BB887F24745C3824350E7F37 /* TableFormSignUpViewController.swift */ = {isa = PBXFileReference; fileEncoding = 4; lastKnownFileType = sourcecode.swift; path = TableFormSignUpViewController.swift; sourceTree = "<group>"; };
		BB887F32D51368D1C33F2B30 /* NestedFieldsSignInViewController.xib */ = {isa = PBXFileReference; lastKnownFileType = file.xib; path = NestedFieldsSignInViewController.xib; sourceTree = "<group>"; };
		BB887F587B128C035A596943 /* AutofillerErrorTests.swift */ = {isa = PBXFileReference; fileEncoding = 4; lastKnownFileType = sourcecode.swift; path = AutofillerErrorTests.swift; sourceTree = "<group>"; };
		BB887FB64E0696BEA98685DB /* UIView+Extensions.swift */ = {isa = PBXFileReference; fileEncoding = 4; lastKnownFileType = sourcecode.swift; path = "UIView+Extensions.swift"; sourceTree = "<group>"; };
		BB887FBA3A96224D3002747C /* ExampleTableViewCell.swift */ = {isa = PBXFileReference; fileEncoding = 4; lastKnownFileType = sourcecode.swift; path = ExampleTableViewCell.swift; sourceTree = "<group>"; };
		D021C40723A2938C00F59ED0 /* AutofillerTests.xctest */ = {isa = PBXFileReference; explicitFileType = wrapper.cfbundle; includeInIndex = 0; path = AutofillerTests.xctest; sourceTree = BUILT_PRODUCTS_DIR; };
		D021C40B23A2938C00F59ED0 /* Info.plist */ = {isa = PBXFileReference; lastKnownFileType = text.plist.xml; path = Info.plist; sourceTree = "<group>"; };
		D060809D2395BFC700643D02 /* AutofillerExamples.app */ = {isa = PBXFileReference; explicitFileType = wrapper.application; includeInIndex = 0; path = AutofillerExamples.app; sourceTree = BUILT_PRODUCTS_DIR; };
		D06080BD2395C16900643D02 /* AutofillerExamples.entitlements */ = {isa = PBXFileReference; lastKnownFileType = text.plist.entitlements; path = AutofillerExamples.entitlements; sourceTree = "<group>"; };
		D0D53C57238C390A008A7137 /* AppDelegate.swift */ = {isa = PBXFileReference; lastKnownFileType = sourcecode.swift; path = AppDelegate.swift; sourceTree = "<group>"; };
		D0D53C5E238C390C008A7137 /* Images.xcassets */ = {isa = PBXFileReference; lastKnownFileType = folder.assetcatalog; path = Images.xcassets; sourceTree = "<group>"; };
		D0D53C63238C390C008A7137 /* Info.plist */ = {isa = PBXFileReference; lastKnownFileType = text.plist.xml; path = Info.plist; sourceTree = "<group>"; };
		D0DF30922395C76B0040388E /* Autofiller.framework */ = {isa = PBXFileReference; explicitFileType = wrapper.framework; includeInIndex = 0; path = Autofiller.framework; sourceTree = BUILT_PRODUCTS_DIR; };
		D0DF30942395C76B0040388E /* Autofiller.h */ = {isa = PBXFileReference; lastKnownFileType = sourcecode.c.h; path = Autofiller.h; sourceTree = "<group>"; };
		D0DF30952395C76B0040388E /* Info.plist */ = {isa = PBXFileReference; lastKnownFileType = text.plist.xml; path = Info.plist; sourceTree = "<group>"; };
		D0DF309E2395C7B40040388E /* Autofiller.swift */ = {isa = PBXFileReference; fileEncoding = 4; lastKnownFileType = sourcecode.swift; path = Autofiller.swift; sourceTree = "<group>"; };
		F3FE138A773E204E9AE8EC63 /* Pods-AutofillerTests.release.xcconfig */ = {isa = PBXFileReference; includeInIndex = 1; lastKnownFileType = text.xcconfig; name = "Pods-AutofillerTests.release.xcconfig"; path = "Target Support Files/Pods-AutofillerTests/Pods-AutofillerTests.release.xcconfig"; sourceTree = "<group>"; };
		FF5B27511AA07975AC1071F1 /* Pods-AutofillerTests.debug.xcconfig */ = {isa = PBXFileReference; includeInIndex = 1; lastKnownFileType = text.xcconfig; name = "Pods-AutofillerTests.debug.xcconfig"; path = "Target Support Files/Pods-AutofillerTests/Pods-AutofillerTests.debug.xcconfig"; sourceTree = "<group>"; };
/* End PBXFileReference section */

/* Begin PBXFrameworksBuildPhase section */
		D021C40423A2938C00F59ED0 /* Frameworks */ = {
			isa = PBXFrameworksBuildPhase;
			buildActionMask = 2147483647;
			files = (
				DB9FEC69FBAB49209810975B /* Pods_AutofillerTests.framework in Frameworks */,
			);
			runOnlyForDeploymentPostprocessing = 0;
		};
		D060809A2395BFC700643D02 /* Frameworks */ = {
			isa = PBXFrameworksBuildPhase;
			buildActionMask = 2147483647;
			files = (
				D8EB26394A8D874DF266E651 /* Pods_AutofillerExamples.framework in Frameworks */,
			);
			runOnlyForDeploymentPostprocessing = 0;
		};
		D0DF308F2395C76B0040388E /* Frameworks */ = {
			isa = PBXFrameworksBuildPhase;
			buildActionMask = 2147483647;
			files = (
			);
			runOnlyForDeploymentPostprocessing = 0;
		};
/* End PBXFrameworksBuildPhase section */

/* Begin PBXGroup section */
		496AAB7AE10698F433CC9D45 /* Frameworks */ = {
			isa = PBXGroup;
			children = (
				498614DD4CBB79EB72779AE1 /* Pods_AutofillerExamples.framework */,
				1DF07A33E7AE7B5124F80790 /* Pods_AutofillerTests.framework */,
			);
			name = Frameworks;
			sourceTree = "<group>";
		};
		9C3EAFF8D8351DF2664EF710 /* Pods */ = {
			isa = PBXGroup;
			children = (
				68441B90D2A55B63C558CEC8 /* Pods-AutofillerExamples.debug.xcconfig */,
				B03071A8542D82E7BF30660E /* Pods-AutofillerExamples.release.xcconfig */,
				FF5B27511AA07975AC1071F1 /* Pods-AutofillerTests.debug.xcconfig */,
				F3FE138A773E204E9AE8EC63 /* Pods-AutofillerTests.release.xcconfig */,
			);
			path = Pods;
			sourceTree = "<group>";
		};
		BB8870C2246EF116002F0494 /* ImplicitFieldsSignUpViewController */ = {
			isa = PBXGroup;
			children = (
				BB887AD18785098EA2F6069B /* ImplicitFieldsSignUpViewController.swift */,
				BB887EEDFF1F045B0842C8E9 /* ImplicitFieldsSignUpViewController.xib */,
			);
			path = ImplicitFieldsSignUpViewController;
			sourceTree = "<group>";
		};
		BB887337830E92152185F34C /* SuccessViewController */ = {
			isa = PBXGroup;
			children = (
				BB88782A5F01B98038A17615 /* SuccessViewController.swift */,
				BB88786F523A9516A81B6E10 /* SuccessViewController.xib */,
			);
			path = SuccessViewController;
			sourceTree = "<group>";
		};
		BB88739C7A2C5AF4461D847C /* ExampleTableViewCell */ = {
			isa = PBXGroup;
			children = (
				BB887FBA3A96224D3002747C /* ExampleTableViewCell.swift */,
				BB887BCAF7F4B45BB2C115D9 /* ExampleTableViewCell.xib */,
			);
			path = ExampleTableViewCell;
			sourceTree = "<group>";
		};
		BB8873D58734BFF9CB8EE3C5 /* ExampleListViewController */ = {
			isa = PBXGroup;
			children = (
				BB8878AD6FD6289E05B5B766 /* ExampleListViewController.swift */,
				BB8877DF25541B9E9C82FAFC /* ExampleListViewController.xib */,
				BB88739C7A2C5AF4461D847C /* ExampleTableViewCell */,
			);
			path = ExampleListViewController;
			sourceTree = "<group>";
		};
		BB8874134BFBC88EE78C9BD4 /* TableFormButtonCell */ = {
			isa = PBXGroup;
			children = (
				BB8876CE616A33AF6B7D9D6B /* TableFormButtonCell.swift */,
				BB887A56CC3FBCF7A49C12F4 /* TableFormButtonCell.xib */,
			);
			path = TableFormButtonCell;
			sourceTree = "<group>";
		};
		BB88754BFC3683F4814E0103 /* TableFormViewController */ = {
			isa = PBXGroup;
			children = (
				BB887F24745C3824350E7F37 /* TableFormSignUpViewController.swift */,
				BB88711ACF7C354C3C704F52 /* TableFormSignUpViewController.xib */,
			);
			path = TableFormViewController;
			sourceTree = "<group>";
		};
		BB8875765202ABE495FA774C /* NestedFieldsSignInViewController */ = {
			isa = PBXGroup;
			children = (
				BB887A403E5ACE1348372488 /* NestedFieldsSignInViewController.swift */,
				BB887F32D51368D1C33F2B30 /* NestedFieldsSignInViewController.xib */,
			);
			path = NestedFieldsSignInViewController;
			sourceTree = "<group>";
		};
		BB88759CABF6E7F6CE00B355 /* SnapshotTests */ = {
			isa = PBXGroup;
			children = (
				BB8876E13756A3FFC46FD002 /* GenericSnapshotTests.swift */,
				BB887B8DD37EF86BFC802D0A /* NestedFieldsSignInSnapshotTests.swift */,
				BB8870BBB680BC664CBB50C5 /* ImplicitFieldsSignInSnapshotTests.swift */,
				BB887964AFF55DF67798D6CF /* NestedFieldsSignUpSnapshotTests.swift */,
				BB887440B7E1BAE3DEC5C019 /* ImplicitFieldsSignUpSnapshotTests.swift */,
			);
			path = SnapshotTests;
			sourceTree = "<group>";
		};
		BB8875E0801D9CD265F1ED74 /* ImplicitFieldsSignInViewController */ = {
			isa = PBXGroup;
			children = (
				BB887DD332DF84862485F389 /* ImplicitFieldsSignInViewController.swift */,
				BB887EC7C2B7D17A7294380D /* ImplicitFieldsSignInViewController.xib */,
			);
			path = ImplicitFieldsSignInViewController;
			sourceTree = "<group>";
		};
		BB8879A90EBAD5D2190289A3 /* SignUpExamples */ = {
			isa = PBXGroup;
			children = (
				BB8870C2246EF116002F0494 /* ImplicitFieldsSignUpViewController */,
				BB887C23494557401E6CD358 /* NestedFieldsSignUpViewController */,
				BB887D3FEE17DDEE6B0A0392 /* SignUpAutofillViewController.swift */,
				BB88754BFC3683F4814E0103 /* TableFormViewController */,
			);
			path = SignUpExamples;
			sourceTree = "<group>";
		};
		BB887B242C949742E8E93413 /* SignUpViewControllersTests */ = {
			isa = PBXGroup;
			children = (
				BB8875109FCC6F52D756A679 /* GenericSignUpViewControllerTests.swift */,
				BB88771740687A4E12DB11F0 /* NestedFieldsSignUpViewControllerTests.swift */,
				BB887E7C0BD55EDD08AF1B1C /* ImplicitFieldsSignUpViewControllerTests.swift */,
			);
			path = SignUpViewControllersTests;
			sourceTree = "<group>";
		};
		BB887B7263D8768F85F7A37F /* UnitTests */ = {
			isa = PBXGroup;
			children = (
				BB887EBAF7CA45585938B351 /* SignInViewControllersTests */,
				BB887B242C949742E8E93413 /* SignUpViewControllersTests */,
				BB887001FDFCC33EFFA96AFC /* GenericTests.swift */,
				BB887F587B128C035A596943 /* AutofillerErrorTests.swift */,
			);
			path = UnitTests;
			sourceTree = "<group>";
		};
		BB887C23494557401E6CD358 /* NestedFieldsSignUpViewController */ = {
			isa = PBXGroup;
			children = (
				BB8872BB29BF50E419A4043E /* NestedFieldsSignUpViewController.swift */,
				BB88725DED0AE48271C24CD3 /* NestedFieldsSignUpViewController.xib */,
			);
			path = NestedFieldsSignUpViewController;
			sourceTree = "<group>";
		};
		BB887C5BB6C768B97418E50C /* TableFormViewController */ = {
			isa = PBXGroup;
			children = (
				BB8870F72CC5E67CE53E2411 /* TableFormSignInViewController.swift */,
				BB887A273971B39A7BA0FFE6 /* TableFormSignInViewController.xib */,
			);
			path = TableFormViewController;
			sourceTree = "<group>";
		};
		BB887C72F6CD47A9A92A9B6A /* TableFormFieldCell */ = {
			isa = PBXGroup;
			children = (
				BB887715520E7AC3F6907149 /* TableFormFieldCell.swift */,
				BB8878BD1AE0F99B925B5D3F /* TableFormFieldCell.xib */,
			);
			path = TableFormFieldCell;
			sourceTree = "<group>";
		};
		BB887D950EF983557119693E /* SharedViews */ = {
			isa = PBXGroup;
			children = (
				BB8874134BFBC88EE78C9BD4 /* TableFormButtonCell */,
				BB887C72F6CD47A9A92A9B6A /* TableFormFieldCell */,
			);
			path = SharedViews;
			sourceTree = "<group>";
		};
		BB887E9ADF225353C3916540 /* SignInExamples */ = {
			isa = PBXGroup;
			children = (
				BB8875E0801D9CD265F1ED74 /* ImplicitFieldsSignInViewController */,
				BB8875765202ABE495FA774C /* NestedFieldsSignInViewController */,
				BB887202AF2CE33F715AC048 /* SignInAutofillViewController.swift */,
				BB887C5BB6C768B97418E50C /* TableFormViewController */,
			);
			path = SignInExamples;
			sourceTree = "<group>";
		};
		BB887EBAF7CA45585938B351 /* SignInViewControllersTests */ = {
			isa = PBXGroup;
			children = (
				BB887CA328E5A9E627CB1C56 /* GenericSignInViewControllerTests.swift */,
				BB88774C77313EEC1C5AB22C /* NestedFieldsSignInViewController.swift */,
				BB887A3AE1F850415F792E8B /* ImplicitFieldsSignInViewController.swift */,
			);
			path = SignInViewControllersTests;
			sourceTree = "<group>";
		};
		BB887FD907DDAB0E22A02323 /* Helpers */ = {
			isa = PBXGroup;
			children = (
				BB887297D321420763E1146F /* Array+Extensions.swift */,
				BB887FB64E0696BEA98685DB /* UIView+Extensions.swift */,
			);
			path = Helpers;
			sourceTree = "<group>";
		};
		BB887FDCADCF3D913948C4F0 /* Examples */ = {
			isa = PBXGroup;
			children = (
				BB8877D3FD09819CA53A1610 /* AutofillableViewController.swift */,
				BB887D950EF983557119693E /* SharedViews */,
				BB887E9ADF225353C3916540 /* SignInExamples */,
				BB8879A90EBAD5D2190289A3 /* SignUpExamples */,
			);
			path = Examples;
			sourceTree = "<group>";
		};
		D021C40823A2938C00F59ED0 /* AutofillerTests */ = {
			isa = PBXGroup;
			children = (
				D021C40B23A2938C00F59ED0 /* Info.plist */,
				BB88759CABF6E7F6CE00B355 /* SnapshotTests */,
				BB887B7263D8768F85F7A37F /* UnitTests */,
			);
			path = AutofillerTests;
			sourceTree = "<group>";
		};
		D060809E2395BFC700643D02 /* AutofillerExamples */ = {
			isa = PBXGroup;
			children = (
				D0D53C57238C390A008A7137 /* AppDelegate.swift */,
				D06080BD2395C16900643D02 /* AutofillerExamples.entitlements */,
				BB887004D7BCACEA8CEFD20B /* BaseViewController.swift */,
				BB8873D58734BFF9CB8EE3C5 /* ExampleListViewController */,
				BB887FDCADCF3D913948C4F0 /* Examples */,
				D0D53C5E238C390C008A7137 /* Images.xcassets */,
				D0D53C63238C390C008A7137 /* Info.plist */,
				BB8878673CEE4520952F2BA9 /* LaunchScreen.storyboard */,
				BB887337830E92152185F34C /* SuccessViewController */,
			);
			path = AutofillerExamples;
			sourceTree = "<group>";
		};
		D0D53C4B238C390A008A7137 = {
			isa = PBXGroup;
			children = (
				D0DF30932395C76B0040388E /* Autofiller */,
				D060809E2395BFC700643D02 /* AutofillerExamples */,
				D021C40823A2938C00F59ED0 /* AutofillerTests */,
				BB887CE791322F583084937A /* Podfile */,
				9C3EAFF8D8351DF2664EF710 /* Pods */,
				D0D53C55238C390A008A7137 /* Products */,
				BB887BCD836EFB0C867C361F /* Autofiller.podspec */,
				BB8870748A382E670C3AF8AB /* LICENSE.txt */,
				BB8870001E84D001D36EC5D2 /* .travis.yml */,
				496AAB7AE10698F433CC9D45 /* Frameworks */,
			);
			sourceTree = "<group>";
		};
		D0D53C55238C390A008A7137 /* Products */ = {
			isa = PBXGroup;
			children = (
				D060809D2395BFC700643D02 /* AutofillerExamples.app */,
				D0DF30922395C76B0040388E /* Autofiller.framework */,
				D021C40723A2938C00F59ED0 /* AutofillerTests.xctest */,
			);
			name = Products;
			sourceTree = "<group>";
		};
		D0DF30932395C76B0040388E /* Autofiller */ = {
			isa = PBXGroup;
			children = (
				D0DF30942395C76B0040388E /* Autofiller.h */,
				D0DF309E2395C7B40040388E /* Autofiller.swift */,
				BB887FD907DDAB0E22A02323 /* Helpers */,
				D0DF30952395C76B0040388E /* Info.plist */,
				BB887CB74D6DBCE8C49F9396 /* AutofillerError.swift */,
			);
			path = Autofiller;
			sourceTree = "<group>";
		};
/* End PBXGroup section */

/* Begin PBXHeadersBuildPhase section */
		D0DF308D2395C76B0040388E /* Headers */ = {
			isa = PBXHeadersBuildPhase;
			buildActionMask = 2147483647;
			files = (
				D0DF30962395C76B0040388E /* Autofiller.h in Headers */,
			);
			runOnlyForDeploymentPostprocessing = 0;
		};
/* End PBXHeadersBuildPhase section */

/* Begin PBXNativeTarget section */
		D021C40623A2938C00F59ED0 /* AutofillerTests */ = {
			isa = PBXNativeTarget;
			buildConfigurationList = D021C41123A2938C00F59ED0 /* Build configuration list for PBXNativeTarget "AutofillerTests" */;
			buildPhases = (
				9A7FD73FB15E5129DA1CD5BF /* [CP] Check Pods Manifest.lock */,
				D021C40323A2938C00F59ED0 /* Sources */,
				D021C40423A2938C00F59ED0 /* Frameworks */,
				D021C40523A2938C00F59ED0 /* Resources */,
				8A3599789F96E57BA52C9D95 /* [CP] Embed Pods Frameworks */,
			);
			buildRules = (
			);
			dependencies = (
				D06E719623A29ACB0060B24E /* PBXTargetDependency */,
			);
			name = AutofillerTests;
			productName = AutofillerTests;
			productReference = D021C40723A2938C00F59ED0 /* AutofillerTests.xctest */;
			productType = "com.apple.product-type.bundle.unit-test";
		};
		D060809C2395BFC700643D02 /* AutofillerExamples */ = {
			isa = PBXNativeTarget;
			buildConfigurationList = D06080AE2395BFC800643D02 /* Build configuration list for PBXNativeTarget "AutofillerExamples" */;
			buildPhases = (
				0118AA08A71BBFE307160973 /* [CP] Check Pods Manifest.lock */,
				D06080992395BFC700643D02 /* Sources */,
				D060809A2395BFC700643D02 /* Frameworks */,
				D060809B2395BFC700643D02 /* Resources */,
				D06080D12395C39000643D02 /* Embed Frameworks */,
				485F29F983185332C648FE9B /* [CP] Embed Pods Frameworks */,
			);
			buildRules = (
			);
			dependencies = (
			);
			name = AutofillerExamples;
			productName = AutofillerExamples;
			productReference = D060809D2395BFC700643D02 /* AutofillerExamples.app */;
			productType = "com.apple.product-type.application";
		};
		D0DF30912395C76B0040388E /* Autofiller */ = {
			isa = PBXNativeTarget;
			buildConfigurationList = D0DF309B2395C76B0040388E /* Build configuration list for PBXNativeTarget "Autofiller" */;
			buildPhases = (
				D0DF308D2395C76B0040388E /* Headers */,
				D0DF308E2395C76B0040388E /* Sources */,
				D0DF308F2395C76B0040388E /* Frameworks */,
				D0DF30902395C76B0040388E /* Resources */,
			);
			buildRules = (
			);
			dependencies = (
			);
			name = Autofiller;
			productName = Autofiller;
			productReference = D0DF30922395C76B0040388E /* Autofiller.framework */;
			productType = "com.apple.product-type.framework";
		};
/* End PBXNativeTarget section */

/* Begin PBXProject section */
		D0D53C4C238C390A008A7137 /* Project object */ = {
			isa = PBXProject;
			attributes = {
				LastSwiftUpdateCheck = 1030;
				LastUpgradeCheck = 1030;
				ORGANIZATIONNAME = djachenko;
				TargetAttributes = {
					D021C40623A2938C00F59ED0 = {
						CreatedOnToolsVersion = 10.3;
						TestTargetID = D060809C2395BFC700643D02;
					};
					D060809C2395BFC700643D02 = {
						CreatedOnToolsVersion = 10.3;
						SystemCapabilities = {
							com.apple.SafariKeychain = {
								enabled = 1;
							};
						};
					};
					D0DF30912395C76B0040388E = {
						CreatedOnToolsVersion = 10.3;
						LastSwiftMigration = 1030;
					};
				};
			};
			buildConfigurationList = D0D53C4F238C390A008A7137 /* Build configuration list for PBXProject "Autofiller" */;
			compatibilityVersion = "Xcode 9.3";
			developmentRegion = en;
			hasScannedForEncodings = 0;
			knownRegions = (
				en,
			);
			mainGroup = D0D53C4B238C390A008A7137;
			productRefGroup = D0D53C55238C390A008A7137 /* Products */;
			projectDirPath = "";
			projectRoot = "";
			targets = (
				D0DF30912395C76B0040388E /* Autofiller */,
				D060809C2395BFC700643D02 /* AutofillerExamples */,
				D021C40623A2938C00F59ED0 /* AutofillerTests */,
			);
		};
/* End PBXProject section */

/* Begin PBXResourcesBuildPhase section */
		D021C40523A2938C00F59ED0 /* Resources */ = {
			isa = PBXResourcesBuildPhase;
			buildActionMask = 2147483647;
			files = (
			);
			runOnlyForDeploymentPostprocessing = 0;
		};
		D060809B2395BFC700643D02 /* Resources */ = {
			isa = PBXResourcesBuildPhase;
			buildActionMask = 2147483647;
			files = (
				D06080BC2395C13E00643D02 /* SuccessViewController.xib in Resources */,
				D07DD2C22396B974007D6FD0 /* Images.xcassets in Resources */,
				D06080B52395C13E00643D02 /* ExampleTableViewCell.xib in Resources */,
				D06080B32395C13E00643D02 /* ExampleListViewController.xib in Resources */,
				BB88732E168A0951B5E41AB0 /* LaunchScreen.storyboard in Resources */,
				BB88768DA998B499B1E6D636 /* TableFormSignInViewController.xib in Resources */,
				BB887FA3E391877B541AA314 /* ImplicitFieldsSignInViewController.xib in Resources */,
				BB887C3AC8F4142502B1DD18 /* NestedFieldsSignInViewController.xib in Resources */,
				BB8875FF4A23115013EDEC12 /* TableFormSignUpViewController.xib in Resources */,
				BB8878E66755D9405F92580A /* NestedFieldsSignUpViewController.xib in Resources */,
				BB887D0E154C4CF1A3E4FCAF /* ImplicitFieldsSignUpViewController.xib in Resources */,
				BB8870AB7DE0AD3F57661E5C /* TableFormButtonCell.xib in Resources */,
				BB887158B4AE4DDA28BB8B2B /* TableFormFieldCell.xib in Resources */,
			);
			runOnlyForDeploymentPostprocessing = 0;
		};
		D0DF30902395C76B0040388E /* Resources */ = {
			isa = PBXResourcesBuildPhase;
			buildActionMask = 2147483647;
			files = (
			);
			runOnlyForDeploymentPostprocessing = 0;
		};
/* End PBXResourcesBuildPhase section */

/* Begin PBXShellScriptBuildPhase section */
		0118AA08A71BBFE307160973 /* [CP] Check Pods Manifest.lock */ = {
			isa = PBXShellScriptBuildPhase;
			buildActionMask = 2147483647;
			files = (
			);
			inputFileListPaths = (
			);
			inputPaths = (
				"${PODS_PODFILE_DIR_PATH}/Podfile.lock",
				"${PODS_ROOT}/Manifest.lock",
			);
			name = "[CP] Check Pods Manifest.lock";
			outputFileListPaths = (
			);
			outputPaths = (
				"$(DERIVED_FILE_DIR)/Pods-AutofillerExamples-checkManifestLockResult.txt",
			);
			runOnlyForDeploymentPostprocessing = 0;
			shellPath = /bin/sh;
			shellScript = "diff \"${PODS_PODFILE_DIR_PATH}/Podfile.lock\" \"${PODS_ROOT}/Manifest.lock\" > /dev/null\nif [ $? != 0 ] ; then\n    # print error to STDERR\n    echo \"error: The sandbox is not in sync with the Podfile.lock. Run 'pod install' or update your CocoaPods installation.\" >&2\n    exit 1\nfi\n# This output is used by Xcode 'outputs' to avoid re-running this script phase.\necho \"SUCCESS\" > \"${SCRIPT_OUTPUT_FILE_0}\"\n";
			showEnvVarsInLog = 0;
		};
		485F29F983185332C648FE9B /* [CP] Embed Pods Frameworks */ = {
			isa = PBXShellScriptBuildPhase;
			buildActionMask = 2147483647;
			files = (
			);
			inputFileListPaths = (
				"${PODS_ROOT}/Target Support Files/Pods-AutofillerExamples/Pods-AutofillerExamples-frameworks-${CONFIGURATION}-input-files.xcfilelist",
			);
			name = "[CP] Embed Pods Frameworks";
			outputFileListPaths = (
				"${PODS_ROOT}/Target Support Files/Pods-AutofillerExamples/Pods-AutofillerExamples-frameworks-${CONFIGURATION}-output-files.xcfilelist",
			);
			runOnlyForDeploymentPostprocessing = 0;
			shellPath = /bin/sh;
			shellScript = "\"${PODS_ROOT}/Target Support Files/Pods-AutofillerExamples/Pods-AutofillerExamples-frameworks.sh\"\n";
			showEnvVarsInLog = 0;
		};
		8A3599789F96E57BA52C9D95 /* [CP] Embed Pods Frameworks */ = {
			isa = PBXShellScriptBuildPhase;
			buildActionMask = 2147483647;
			files = (
			);
			inputFileListPaths = (
				"${PODS_ROOT}/Target Support Files/Pods-AutofillerTests/Pods-AutofillerTests-frameworks-${CONFIGURATION}-input-files.xcfilelist",
			);
			name = "[CP] Embed Pods Frameworks";
			outputFileListPaths = (
				"${PODS_ROOT}/Target Support Files/Pods-AutofillerTests/Pods-AutofillerTests-frameworks-${CONFIGURATION}-output-files.xcfilelist",
			);
			runOnlyForDeploymentPostprocessing = 0;
			shellPath = /bin/sh;
			shellScript = "\"${PODS_ROOT}/Target Support Files/Pods-AutofillerTests/Pods-AutofillerTests-frameworks.sh\"\n";
			showEnvVarsInLog = 0;
		};
		9A7FD73FB15E5129DA1CD5BF /* [CP] Check Pods Manifest.lock */ = {
			isa = PBXShellScriptBuildPhase;
			buildActionMask = 2147483647;
			files = (
			);
			inputFileListPaths = (
			);
			inputPaths = (
				"${PODS_PODFILE_DIR_PATH}/Podfile.lock",
				"${PODS_ROOT}/Manifest.lock",
			);
			name = "[CP] Check Pods Manifest.lock";
			outputFileListPaths = (
			);
			outputPaths = (
				"$(DERIVED_FILE_DIR)/Pods-AutofillerTests-checkManifestLockResult.txt",
			);
			runOnlyForDeploymentPostprocessing = 0;
			shellPath = /bin/sh;
			shellScript = "diff \"${PODS_PODFILE_DIR_PATH}/Podfile.lock\" \"${PODS_ROOT}/Manifest.lock\" > /dev/null\nif [ $? != 0 ] ; then\n    # print error to STDERR\n    echo \"error: The sandbox is not in sync with the Podfile.lock. Run 'pod install' or update your CocoaPods installation.\" >&2\n    exit 1\nfi\n# This output is used by Xcode 'outputs' to avoid re-running this script phase.\necho \"SUCCESS\" > \"${SCRIPT_OUTPUT_FILE_0}\"\n";
			showEnvVarsInLog = 0;
		};
/* End PBXShellScriptBuildPhase section */

/* Begin PBXSourcesBuildPhase section */
		D021C40323A2938C00F59ED0 /* Sources */ = {
			isa = PBXSourcesBuildPhase;
			buildActionMask = 2147483647;
			files = (
				BB887FFFE4DF0B55CCF2AA83 /* GenericSnapshotTests.swift in Sources */,
				BB8877B3A8DED20506CF9A95 /* NestedFieldsSignInSnapshotTests.swift in Sources */,
				BB88719C7CC8D02A2A4F2DEB /* ImplicitFieldsSignInSnapshotTests.swift in Sources */,
				BB8870B467D1D6CEC728C5F7 /* GenericSignInViewControllerTests.swift in Sources */,
				BB887EC0551FD39CFF2E44C9 /* NestedFieldsSignInViewController.swift in Sources */,
				BB8875AA84EF8BD0140A628A /* ImplicitFieldsSignInViewController.swift in Sources */,
				BB8873E7E5C3C900E99B709E /* GenericSignUpViewControllerTests.swift in Sources */,
				BB887C290D244EDE7E0E570C /* NestedFieldsSignUpViewControllerTests.swift in Sources */,
				BB8878B102496C9758C000EB /* ImplicitFieldsSignUpViewControllerTests.swift in Sources */,
				BB887B3FC6609D937A1FD780 /* GenericTests.swift in Sources */,
				BB887B99A1F4A8C9A59189AF /* NestedFieldsSignUpSnapshotTests.swift in Sources */,
				BB8877D889C41E17CFAF1B55 /* ImplicitFieldsSignUpSnapshotTests.swift in Sources */,
				BB8876B12A4139E94245F959 /* AutofillerErrorTests.swift in Sources */,
			);
			runOnlyForDeploymentPostprocessing = 0;
		};
		D06080992395BFC700643D02 /* Sources */ = {
			isa = PBXSourcesBuildPhase;
			buildActionMask = 2147483647;
			files = (
				D06080B42395C13E00643D02 /* ExampleTableViewCell.swift in Sources */,
				D06080B22395C13E00643D02 /* ExampleListViewController.swift in Sources */,
				D06080B02395C13E00643D02 /* AppDelegate.swift in Sources */,
				D06080B62395C13E00643D02 /* AutofillableViewController.swift in Sources */,
				D06080B12395C13E00643D02 /* BaseViewController.swift in Sources */,
				D06080BB2395C13E00643D02 /* SuccessViewController.swift in Sources */,
				BB88797D06F359DAC01A0C3D /* TableFormSignInViewController.swift in Sources */,
				BB8872698CA2A4886C69BCC0 /* ImplicitFieldsSignInViewController.swift in Sources */,
				BB887AE72A491133D21DFA29 /* NestedFieldsSignInViewController.swift in Sources */,
				BB887F7290E7E97BC4D0D1A5 /* SignInAutofillViewController.swift in Sources */,
				BB88763425A37FD71A973EFE /* TableFormSignUpViewController.swift in Sources */,
				BB88744C490E573370C68870 /* NestedFieldsSignUpViewController.swift in Sources */,
				BB887150E763F998A26D2597 /* ImplicitFieldsSignUpViewController.swift in Sources */,
				BB8871934A24E863B6323D22 /* SignUpAutofillViewController.swift in Sources */,
				BB887245367C33B8383A12DB /* TableFormButtonCell.swift in Sources */,
				BB8874417D2CA0ACA2E65E21 /* TableFormFieldCell.swift in Sources */,
			);
			runOnlyForDeploymentPostprocessing = 0;
		};
		D0DF308E2395C76B0040388E /* Sources */ = {
			isa = PBXSourcesBuildPhase;
			buildActionMask = 2147483647;
			files = (
				D0DF30A02395C7B40040388E /* Autofiller.swift in Sources */,
				BB8871A8654F683495C7FE7A /* Array+Extensions.swift in Sources */,
				BB8876AD70B883C3CE50B920 /* UIView+Extensions.swift in Sources */,
				BB88720B81BB7A893B49835C /* AutofillerError.swift in Sources */,
			);
			runOnlyForDeploymentPostprocessing = 0;
		};
/* End PBXSourcesBuildPhase section */

/* Begin PBXTargetDependency section */
		D06E719623A29ACB0060B24E /* PBXTargetDependency */ = {
			isa = PBXTargetDependency;
			target = D060809C2395BFC700643D02 /* AutofillerExamples */;
			targetProxy = D06E719523A29ACB0060B24E /* PBXContainerItemProxy */;
		};
/* End PBXTargetDependency section */

/* Begin XCBuildConfiguration section */
		D021C40F23A2938C00F59ED0 /* Debug */ = {
			isa = XCBuildConfiguration;
			baseConfigurationReference = FF5B27511AA07975AC1071F1 /* Pods-AutofillerTests.debug.xcconfig */;
			buildSettings = {
				BUNDLE_LOADER = "$(TEST_HOST)";
				CODE_SIGN_STYLE = Automatic;
				DEVELOPMENT_TEAM = 2T7P8BR7NV;
				INFOPLIST_FILE = AutofillerTests/Info.plist;
				LD_RUNPATH_SEARCH_PATHS = (
					"$(inherited)",
					"@executable_path/Frameworks",
					"@loader_path/Frameworks",
				);
				PRODUCT_BUNDLE_IDENTIFIER = com.djachenko.AutofillerTests;
				PRODUCT_NAME = "$(TARGET_NAME)";
				SWIFT_VERSION = 5.0;
				TARGETED_DEVICE_FAMILY = "1,2";
				TEST_HOST = "$(BUILT_PRODUCTS_DIR)/AutofillerExamples.app/AutofillerExamples";
			};
			name = Debug;
		};
		D021C41023A2938C00F59ED0 /* Release */ = {
			isa = XCBuildConfiguration;
			baseConfigurationReference = F3FE138A773E204E9AE8EC63 /* Pods-AutofillerTests.release.xcconfig */;
			buildSettings = {
				BUNDLE_LOADER = "$(TEST_HOST)";
				CODE_SIGN_STYLE = Automatic;
				DEVELOPMENT_TEAM = 2T7P8BR7NV;
				INFOPLIST_FILE = AutofillerTests/Info.plist;
				LD_RUNPATH_SEARCH_PATHS = (
					"$(inherited)",
					"@executable_path/Frameworks",
					"@loader_path/Frameworks",
				);
				PRODUCT_BUNDLE_IDENTIFIER = com.djachenko.AutofillerTests;
				PRODUCT_NAME = "$(TARGET_NAME)";
				SWIFT_VERSION = 5.0;
				TARGETED_DEVICE_FAMILY = "1,2";
				TEST_HOST = "$(BUILT_PRODUCTS_DIR)/AutofillerExamples.app/AutofillerExamples";
			};
			name = Release;
		};
		D06080AC2395BFC800643D02 /* Debug */ = {
			isa = XCBuildConfiguration;
			baseConfigurationReference = 68441B90D2A55B63C558CEC8 /* Pods-AutofillerExamples.debug.xcconfig */;
			buildSettings = {
				ASSETCATALOG_COMPILER_APPICON_NAME = AppIcon;
				CODE_SIGN_ENTITLEMENTS = AutofillerExamples/AutofillerExamples.entitlements;
				CODE_SIGN_IDENTITY = "iPhone Developer";
				CODE_SIGN_STYLE = Automatic;
				DEVELOPMENT_TEAM = R97L8Z3A9J;
				INFOPLIST_FILE = AutofillerExamples/Info.plist;
				LD_RUNPATH_SEARCH_PATHS = (
					"$(inherited)",
					"@executable_path/Frameworks",
				);
				PRODUCT_BUNDLE_IDENTIFIER = com.idjachenko.AutofillerExamples;
				PRODUCT_NAME = "$(TARGET_NAME)";
				PROVISIONING_PROFILE_SPECIFIER = "";
				SWIFT_VERSION = 5.0;
				TARGETED_DEVICE_FAMILY = "1,2";
			};
			name = Debug;
		};
		D06080AD2395BFC800643D02 /* Release */ = {
			isa = XCBuildConfiguration;
			baseConfigurationReference = B03071A8542D82E7BF30660E /* Pods-AutofillerExamples.release.xcconfig */;
			buildSettings = {
				ASSETCATALOG_COMPILER_APPICON_NAME = AppIcon;
				CODE_SIGN_ENTITLEMENTS = AutofillerExamples/AutofillerExamples.entitlements;
				CODE_SIGN_IDENTITY = "iPhone Developer";
				CODE_SIGN_STYLE = Automatic;
				DEVELOPMENT_TEAM = R97L8Z3A9J;
				ENABLE_TESTABILITY = YES;
				INFOPLIST_FILE = AutofillerExamples/Info.plist;
				LD_RUNPATH_SEARCH_PATHS = (
					"$(inherited)",
					"@executable_path/Frameworks",
				);
				PRODUCT_BUNDLE_IDENTIFIER = com.idjachenko.AutofillerExamples;
				PRODUCT_NAME = "$(TARGET_NAME)";
				PROVISIONING_PROFILE_SPECIFIER = "";
				SWIFT_VERSION = 5.0;
				TARGETED_DEVICE_FAMILY = "1,2";
			};
			name = Release;
		};
		D0D53C64238C390C008A7137 /* Debug */ = {
			isa = XCBuildConfiguration;
			buildSettings = {
				ALWAYS_SEARCH_USER_PATHS = NO;
				CLANG_ANALYZER_NONNULL = YES;
				CLANG_ANALYZER_NUMBER_OBJECT_CONVERSION = YES_AGGRESSIVE;
				CLANG_CXX_LANGUAGE_STANDARD = "gnu++14";
				CLANG_CXX_LIBRARY = "libc++";
				CLANG_ENABLE_MODULES = YES;
				CLANG_ENABLE_OBJC_ARC = YES;
				CLANG_ENABLE_OBJC_WEAK = YES;
				CLANG_WARN_BLOCK_CAPTURE_AUTORELEASING = YES;
				CLANG_WARN_BOOL_CONVERSION = YES;
				CLANG_WARN_COMMA = YES;
				CLANG_WARN_CONSTANT_CONVERSION = YES;
				CLANG_WARN_DEPRECATED_OBJC_IMPLEMENTATIONS = YES;
				CLANG_WARN_DIRECT_OBJC_ISA_USAGE = YES_ERROR;
				CLANG_WARN_DOCUMENTATION_COMMENTS = YES;
				CLANG_WARN_EMPTY_BODY = YES;
				CLANG_WARN_ENUM_CONVERSION = YES;
				CLANG_WARN_INFINITE_RECURSION = YES;
				CLANG_WARN_INT_CONVERSION = YES;
				CLANG_WARN_NON_LITERAL_NULL_CONVERSION = YES;
				CLANG_WARN_OBJC_IMPLICIT_RETAIN_SELF = YES;
				CLANG_WARN_OBJC_LITERAL_CONVERSION = YES;
				CLANG_WARN_OBJC_ROOT_CLASS = YES_ERROR;
				CLANG_WARN_RANGE_LOOP_ANALYSIS = YES;
				CLANG_WARN_STRICT_PROTOTYPES = YES;
				CLANG_WARN_SUSPICIOUS_MOVE = YES;
				CLANG_WARN_UNGUARDED_AVAILABILITY = YES_AGGRESSIVE;
				CLANG_WARN_UNREACHABLE_CODE = YES;
				CLANG_WARN__DUPLICATE_METHOD_MATCH = YES;
				CODE_SIGN_IDENTITY = "iPhone Developer";
				COPY_PHASE_STRIP = NO;
				DEBUG_INFORMATION_FORMAT = dwarf;
				ENABLE_STRICT_OBJC_MSGSEND = YES;
				ENABLE_TESTABILITY = YES;
				GCC_C_LANGUAGE_STANDARD = gnu11;
				GCC_DYNAMIC_NO_PIC = NO;
				GCC_NO_COMMON_BLOCKS = YES;
				GCC_OPTIMIZATION_LEVEL = 0;
				GCC_PREPROCESSOR_DEFINITIONS = (
					"DEBUG=1",
					"$(inherited)",
				);
				GCC_WARN_64_TO_32_BIT_CONVERSION = YES;
				GCC_WARN_ABOUT_RETURN_TYPE = YES_ERROR;
				GCC_WARN_UNDECLARED_SELECTOR = YES;
				GCC_WARN_UNINITIALIZED_AUTOS = YES_AGGRESSIVE;
				GCC_WARN_UNUSED_FUNCTION = YES;
				GCC_WARN_UNUSED_VARIABLE = YES;
				IPHONEOS_DEPLOYMENT_TARGET = 11.0;
				MTL_ENABLE_DEBUG_INFO = INCLUDE_SOURCE;
				MTL_FAST_MATH = YES;
				ONLY_ACTIVE_ARCH = YES;
				SDKROOT = iphoneos;
				SWIFT_ACTIVE_COMPILATION_CONDITIONS = DEBUG;
				SWIFT_OPTIMIZATION_LEVEL = "-Onone";
			};
			name = Debug;
		};
		D0D53C65238C390C008A7137 /* Release */ = {
			isa = XCBuildConfiguration;
			buildSettings = {
				ALWAYS_SEARCH_USER_PATHS = NO;
				CLANG_ANALYZER_NONNULL = YES;
				CLANG_ANALYZER_NUMBER_OBJECT_CONVERSION = YES_AGGRESSIVE;
				CLANG_CXX_LANGUAGE_STANDARD = "gnu++14";
				CLANG_CXX_LIBRARY = "libc++";
				CLANG_ENABLE_MODULES = YES;
				CLANG_ENABLE_OBJC_ARC = YES;
				CLANG_ENABLE_OBJC_WEAK = YES;
				CLANG_WARN_BLOCK_CAPTURE_AUTORELEASING = YES;
				CLANG_WARN_BOOL_CONVERSION = YES;
				CLANG_WARN_COMMA = YES;
				CLANG_WARN_CONSTANT_CONVERSION = YES;
				CLANG_WARN_DEPRECATED_OBJC_IMPLEMENTATIONS = YES;
				CLANG_WARN_DIRECT_OBJC_ISA_USAGE = YES_ERROR;
				CLANG_WARN_DOCUMENTATION_COMMENTS = YES;
				CLANG_WARN_EMPTY_BODY = YES;
				CLANG_WARN_ENUM_CONVERSION = YES;
				CLANG_WARN_INFINITE_RECURSION = YES;
				CLANG_WARN_INT_CONVERSION = YES;
				CLANG_WARN_NON_LITERAL_NULL_CONVERSION = YES;
				CLANG_WARN_OBJC_IMPLICIT_RETAIN_SELF = YES;
				CLANG_WARN_OBJC_LITERAL_CONVERSION = YES;
				CLANG_WARN_OBJC_ROOT_CLASS = YES_ERROR;
				CLANG_WARN_RANGE_LOOP_ANALYSIS = YES;
				CLANG_WARN_STRICT_PROTOTYPES = YES;
				CLANG_WARN_SUSPICIOUS_MOVE = YES;
				CLANG_WARN_UNGUARDED_AVAILABILITY = YES_AGGRESSIVE;
				CLANG_WARN_UNREACHABLE_CODE = YES;
				CLANG_WARN__DUPLICATE_METHOD_MATCH = YES;
				CODE_SIGN_IDENTITY = "iPhone Developer";
				COPY_PHASE_STRIP = NO;
				DEBUG_INFORMATION_FORMAT = "dwarf-with-dsym";
				ENABLE_NS_ASSERTIONS = NO;
				ENABLE_STRICT_OBJC_MSGSEND = YES;
				GCC_C_LANGUAGE_STANDARD = gnu11;
				GCC_NO_COMMON_BLOCKS = YES;
				GCC_WARN_64_TO_32_BIT_CONVERSION = YES;
				GCC_WARN_ABOUT_RETURN_TYPE = YES_ERROR;
				GCC_WARN_UNDECLARED_SELECTOR = YES;
				GCC_WARN_UNINITIALIZED_AUTOS = YES_AGGRESSIVE;
				GCC_WARN_UNUSED_FUNCTION = YES;
				GCC_WARN_UNUSED_VARIABLE = YES;
				IPHONEOS_DEPLOYMENT_TARGET = 11.0;
				MTL_ENABLE_DEBUG_INFO = NO;
				MTL_FAST_MATH = YES;
				SDKROOT = iphoneos;
				SWIFT_COMPILATION_MODE = wholemodule;
				SWIFT_OPTIMIZATION_LEVEL = "-O";
				VALIDATE_PRODUCT = YES;
			};
			name = Release;
		};
		D0DF309C2395C76B0040388E /* Debug */ = {
			isa = XCBuildConfiguration;
			buildSettings = {
				CLANG_ENABLE_MODULES = YES;
				CODE_SIGN_IDENTITY = "";
				CODE_SIGN_STYLE = Automatic;
				CURRENT_PROJECT_VERSION = 1;
				DEFINES_MODULE = YES;
				DEVELOPMENT_TEAM = 2T7P8BR7NV;
				DYLIB_COMPATIBILITY_VERSION = 1;
				DYLIB_CURRENT_VERSION = 1;
				DYLIB_INSTALL_NAME_BASE = "@rpath";
				INFOPLIST_FILE = Autofiller/Info.plist;
				INSTALL_PATH = "$(LOCAL_LIBRARY_DIR)/Frameworks";
				LD_RUNPATH_SEARCH_PATHS = (
					"$(inherited)",
					"@executable_path/Frameworks",
					"@loader_path/Frameworks",
				);
				PRODUCT_BUNDLE_IDENTIFIER = com.djachenko.Autofiller;
				PRODUCT_NAME = "$(TARGET_NAME:c99extidentifier)";
				SKIP_INSTALL = YES;
				SWIFT_OPTIMIZATION_LEVEL = "-Onone";
				SWIFT_VERSION = 5.0;
				TARGETED_DEVICE_FAMILY = "1,2";
				VERSIONING_SYSTEM = "apple-generic";
				VERSION_INFO_PREFIX = "";
			};
			name = Debug;
		};
		D0DF309D2395C76B0040388E /* Release */ = {
			isa = XCBuildConfiguration;
			buildSettings = {
				CLANG_ENABLE_MODULES = YES;
				CODE_SIGN_IDENTITY = "";
				CODE_SIGN_STYLE = Automatic;
				CURRENT_PROJECT_VERSION = 1;
				DEFINES_MODULE = YES;
				DEVELOPMENT_TEAM = 2T7P8BR7NV;
				DYLIB_COMPATIBILITY_VERSION = 1;
				DYLIB_CURRENT_VERSION = 1;
				DYLIB_INSTALL_NAME_BASE = "@rpath";
				ENABLE_TESTABILITY = NO;
				INFOPLIST_FILE = Autofiller/Info.plist;
				INSTALL_PATH = "$(LOCAL_LIBRARY_DIR)/Frameworks";
				LD_RUNPATH_SEARCH_PATHS = (
					"$(inherited)",
					"@executable_path/Frameworks",
					"@loader_path/Frameworks",
				);
				PRODUCT_BUNDLE_IDENTIFIER = com.djachenko.Autofiller;
				PRODUCT_NAME = "$(TARGET_NAME:c99extidentifier)";
				SKIP_INSTALL = YES;
				SWIFT_VERSION = 5.0;
				TARGETED_DEVICE_FAMILY = "1,2";
				VERSIONING_SYSTEM = "apple-generic";
				VERSION_INFO_PREFIX = "";
			};
			name = Release;
		};
/* End XCBuildConfiguration section */

/* Begin XCConfigurationList section */
		D021C41123A2938C00F59ED0 /* Build configuration list for PBXNativeTarget "AutofillerTests" */ = {
			isa = XCConfigurationList;
			buildConfigurations = (
				D021C40F23A2938C00F59ED0 /* Debug */,
				D021C41023A2938C00F59ED0 /* Release */,
			);
			defaultConfigurationIsVisible = 0;
			defaultConfigurationName = Release;
		};
		D06080AE2395BFC800643D02 /* Build configuration list for PBXNativeTarget "AutofillerExamples" */ = {
			isa = XCConfigurationList;
			buildConfigurations = (
				D06080AC2395BFC800643D02 /* Debug */,
				D06080AD2395BFC800643D02 /* Release */,
			);
			defaultConfigurationIsVisible = 0;
			defaultConfigurationName = Release;
		};
		D0D53C4F238C390A008A7137 /* Build configuration list for PBXProject "Autofiller" */ = {
			isa = XCConfigurationList;
			buildConfigurations = (
				D0D53C64238C390C008A7137 /* Debug */,
				D0D53C65238C390C008A7137 /* Release */,
			);
			defaultConfigurationIsVisible = 0;
			defaultConfigurationName = Release;
		};
		D0DF309B2395C76B0040388E /* Build configuration list for PBXNativeTarget "Autofiller" */ = {
			isa = XCConfigurationList;
			buildConfigurations = (
				D0DF309C2395C76B0040388E /* Debug */,
				D0DF309D2395C76B0040388E /* Release */,
			);
			defaultConfigurationIsVisible = 0;
			defaultConfigurationName = Release;
		};
/* End XCConfigurationList section */
	};
	rootObject = D0D53C4C238C390A008A7137 /* Project object */;
}
