PODS:
  - Autofiller (0.1.1)
  - iOSSnapshotTestCase (6.2.0):
    - iOSSnapshotTestCase/SwiftSupport (= 6.2.0)
  - iOSSnapshotTestCase/Core (6.2.0)
  - iOSSnapshotTestCase/SwiftSupport (6.2.0):
    - iOSSnapshotTestCase/Core
  - Reusable (4.1.0):
    - Reusable/Storyboard (= 4.1.0)
    - Reusable/View (= 4.1.0)
  - Reusable/Storyboard (4.1.0)
  - Reusable/View (4.1.0)
  - TableKit (2.10.0)

DEPENDENCIES:
  - Autofiller (from `.`)
  - iOSSnapshotTestCase
  - Reusable
  - TableKit

SPEC REPOS:
  trunk:
    - iOSSnapshotTestCase
    - Reusable
    - TableKit

EXTERNAL SOURCES:
  Autofiller:
    :path: "."

SPEC CHECKSUMS:
  Autofiller: cb8bdf1d6fad5c599473fe28c26bbfacbe10e13e
  iOSSnapshotTestCase: 9ab44cb5aa62b84d31847f40680112e15ec579a6
  Reusable: 82be188f29d96dc5eff0db7b2393bcc08d2cdd5b
  TableKit: 65645d0dd786e21dc61464da59ad770c60a07282

PODFILE CHECKSUM: 1c1be5f433e7b1b3f3a55e8128167871882b63a1

COCOAPODS: 1.8.4
