PODS:
  - Autofiller (0.1.1)
  - iOSSnapshotTestCase (6.2.0):
    - iOSSnapshotTestCase/SwiftSupport (= 6.2.0)
  - iOSSnapshotTestCase/Core (6.2.0)
  - iOSSnapshotTestCase/SwiftSupport (6.2.0):
    - iOSSnapshotTestCase/Core
  - TableKit (2.10.0)

DEPENDENCIES:
  - Autofiller (from `.`)
  - iOSSnapshotTestCase
  - TableKit

SPEC REPOS:
  trunk:
    - iOSSnapshotTestCase
    - TableKit

EXTERNAL SOURCES:
  Autofiller:
    :path: "."

SPEC CHECKSUMS:
  Autofiller: cb8bdf1d6fad5c599473fe28c26bbfacbe10e13e
  iOSSnapshotTestCase: 9ab44cb5aa62b84d31847f40680112e15ec579a6
  TableKit: 65645d0dd786e21dc61464da59ad770c60a07282

PODFILE CHECKSUM: b7c0993246f1853670a53e654deb00267cad6d73

COCOAPODS: 1.8.4
